// !$*UTF8*$!
{
	archiveVersion = 1;
	classes = {
	};
	objectVersion = 46;
	objects = {

/* Begin PBXBuildFile section */
		06557D6B1CBF347A0031D43E /* main.m in Sources */ = {isa = PBXBuildFile; fileRef = 06557D6A1CBF347A0031D43E /* main.m */; };
		06557D6E1CBF347A0031D43E /* AppDelegate.m in Sources */ = {isa = PBXBuildFile; fileRef = 06557D6D1CBF347A0031D43E /* AppDelegate.m */; };
		06557D711CBF347A0031D43E /* ViewController.m in Sources */ = {isa = PBXBuildFile; fileRef = 06557D701CBF347A0031D43E /* ViewController.m */; };
		06557D741CBF347A0031D43E /* Main.storyboard in Resources */ = {isa = PBXBuildFile; fileRef = 06557D721CBF347A0031D43E /* Main.storyboard */; };
		06557D761CBF347A0031D43E /* Assets.xcassets in Resources */ = {isa = PBXBuildFile; fileRef = 06557D751CBF347A0031D43E /* Assets.xcassets */; };
		06557D791CBF347A0031D43E /* LaunchScreen.storyboard in Resources */ = {isa = PBXBuildFile; fileRef = 06557D771CBF347A0031D43E /* LaunchScreen.storyboard */; };
		06557D831CBF3C230031D43E /* HZCalendar.m in Sources */ = {isa = PBXBuildFile; fileRef = 06557D821CBF3C230031D43E /* HZCalendar.m */; };
/* End PBXBuildFile section */

/* Begin PBXFileReference section */
		06557D661CBF347A0031D43E /* HZCalendar.app */ = {isa = PBXFileReference; explicitFileType = wrapper.application; includeInIndex = 0; path = HZCalendar.app; sourceTree = BUILT_PRODUCTS_DIR; };
		06557D6A1CBF347A0031D43E /* main.m */ = {isa = PBXFileReference; lastKnownFileType = sourcecode.c.objc; path = main.m; sourceTree = "<group>"; };
		06557D6C1CBF347A0031D43E /* AppDelegate.h */ = {isa = PBXFileReference; lastKnownFileType = sourcecode.c.h; path = AppDelegate.h; sourceTree = "<group>"; };
		06557D6D1CBF347A0031D43E /* AppDelegate.m */ = {isa = PBXFileReference; lastKnownFileType = sourcecode.c.objc; path = AppDelegate.m; sourceTree = "<group>"; };
		06557D6F1CBF347A0031D43E /* ViewController.h */ = {isa = PBXFileReference; lastKnownFileType = sourcecode.c.h; path = ViewController.h; sourceTree = "<group>"; };
		06557D701CBF347A0031D43E /* ViewController.m */ = {isa = PBXFileReference; lastKnownFileType = sourcecode.c.objc; path = ViewController.m; sourceTree = "<group>"; };
		06557D731CBF347A0031D43E /* Base */ = {isa = PBXFileReference; lastKnownFileType = file.storyboard; name = Base; path = Base.lproj/Main.storyboard; sourceTree = "<group>"; };
		06557D751CBF347A0031D43E /* Assets.xcassets */ = {isa = PBXFileReference; lastKnownFileType = folder.assetcatalog; path = Assets.xcassets; sourceTree = "<group>"; };
		06557D781CBF347A0031D43E /* Base */ = {isa = PBXFileReference; lastKnownFileType = file.storyboard; name = Base; path = Base.lproj/LaunchScreen.storyboard; sourceTree = "<group>"; };
		06557D7A1CBF347A0031D43E /* Info.plist */ = {isa = PBXFileReference; lastKnownFileType = text.plist.xml; path = Info.plist; sourceTree = "<group>"; };
		06557D811CBF3C230031D43E /* HZCalendar.h */ = {isa = PBXFileReference; fileEncoding = 4; lastKnownFileType = sourcecode.c.h; path = HZCalendar.h; sourceTree = "<group>"; };
		06557D821CBF3C230031D43E /* HZCalendar.m */ = {isa = PBXFileReference; fileEncoding = 4; lastKnownFileType = sourcecode.c.objc; path = HZCalendar.m; sourceTree = "<group>"; };
/* End PBXFileReference section */

/* Begin PBXFrameworksBuildPhase section */
		06557D631CBF347A0031D43E /* Frameworks */ = {
			isa = PBXFrameworksBuildPhase;
			buildActionMask = 2147483647;
			files = (
			);
			runOnlyForDeploymentPostprocessing = 0;
		};
/* End PBXFrameworksBuildPhase section */

/* Begin PBXGroup section */
		06557D5D1CBF347A0031D43E = {
			isa = PBXGroup;
			children = (
				06557D681CBF347A0031D43E /* HZCalendar */,
				06557D671CBF347A0031D43E /* Products */,
			);
			sourceTree = "<group>";
		};
		06557D671CBF347A0031D43E /* Products */ = {
			isa = PBXGroup;
			children = (
				06557D661CBF347A0031D43E /* HZCalendar.app */,
			);
			name = Products;
			sourceTree = "<group>";
		};
		06557D681CBF347A0031D43E /* HZCalendar */ = {
			isa = PBXGroup;
			children = (
				06557D801CBF3C060031D43E /* CalendarView */,
				06557D6C1CBF347A0031D43E /* AppDelegate.h */,
				06557D6D1CBF347A0031D43E /* AppDelegate.m */,
				06557D6F1CBF347A0031D43E /* ViewController.h */,
				06557D701CBF347A0031D43E /* ViewController.m */,
				06557D721CBF347A0031D43E /* Main.storyboard */,
				06557D751CBF347A0031D43E /* Assets.xcassets */,
				06557D771CBF347A0031D43E /* LaunchScreen.storyboard */,
				06557D7A1CBF347A0031D43E /* Info.plist */,
				06557D691CBF347A0031D43E /* Supporting Files */,
			);
			path = HZCalendar;
			sourceTree = "<group>";
		};
		06557D691CBF347A0031D43E /* Supporting Files */ = {
			isa = PBXGroup;
			children = (
				06557D6A1CBF347A0031D43E /* main.m */,
			);
			name = "Supporting Files";
			sourceTree = "<group>";
		};
		06557D801CBF3C060031D43E /* CalendarView */ = {
			isa = PBXGroup;
			children = (
				06557D811CBF3C230031D43E /* HZCalendar.h */,
				06557D821CBF3C230031D43E /* HZCalendar.m */,
			);
			name = CalendarView;
			sourceTree = "<group>";
		};
/* End PBXGroup section */

/* Begin PBXNativeTarget section */
		06557D651CBF347A0031D43E /* HZCalendar */ = {
			isa = PBXNativeTarget;
			buildConfigurationList = 06557D7D1CBF347A0031D43E /* Build configuration list for PBXNativeTarget "HZCalendar" */;
			buildPhases = (
				06557D621CBF347A0031D43E /* Sources */,
				06557D631CBF347A0031D43E /* Frameworks */,
				06557D641CBF347A0031D43E /* Resources */,
			);
			buildRules = (
			);
			dependencies = (
			);
			name = HZCalendar;
			productName = HZCalendar;
			productReference = 06557D661CBF347A0031D43E /* HZCalendar.app */;
			productType = "com.apple.product-type.application";
		};
/* End PBXNativeTarget section */

/* Begin PBXProject section */
		06557D5E1CBF347A0031D43E /* Project object */ = {
			isa = PBXProject;
			attributes = {
				LastUpgradeCheck = 0730;
				ORGANIZATIONNAME = HZ;
				TargetAttributes = {
					06557D651CBF347A0031D43E = {
						CreatedOnToolsVersion = 7.3;
					};
				};
			};
			buildConfigurationList = 06557D611CBF347A0031D43E /* Build configuration list for PBXProject "HZCalendar" */;
			compatibilityVersion = "Xcode 3.2";
			developmentRegion = English;
			hasScannedForEncodings = 0;
			knownRegions = (
				en,
				Base,
			);
			mainGroup = 06557D5D1CBF347A0031D43E;
			productRefGroup = 06557D671CBF347A0031D43E /* Products */;
			projectDirPath = "";
			projectRoot = "";
			targets = (
				06557D651CBF347A0031D43E /* HZCalendar */,
			);
		};
/* End PBXProject section */

/* Begin PBXResourcesBuildPhase section */
		06557D641CBF347A0031D43E /* Resources */ = {
			isa = PBXResourcesBuildPhase;
			buildActionMask = 2147483647;
			files = (
				06557D791CBF347A0031D43E /* LaunchScreen.storyboard in Resources */,
				06557D761CBF347A0031D43E /* Assets.xcassets in Resources */,
				06557D741CBF347A0031D43E /* Main.storyboard in Resources */,
			);
			runOnlyForDeploymentPostprocessing = 0;
		};
/* End PBXResourcesBuildPhase section */

/* Begin PBXSourcesBuildPhase section */
		06557D621CBF347A0031D43E /* Sources */ = {
			isa = PBXSourcesBuildPhase;
			buildActionMask = 2147483647;
			files = (
				06557D711CBF347A0031D43E /* ViewController.m in Sources */,
				06557D6E1CBF347A0031D43E /* AppDelegate.m in Sources */,
				06557D6B1CBF347A0031D43E /* main.m in Sources */,
				06557D831CBF3C230031D43E /* HZCalendar.m in Sources */,
			);
			runOnlyForDeploymentPostprocessing = 0;
		};
/* End PBXSourcesBuildPhase section */

/* Begin PBXVariantGroup section */
		06557D721CBF347A0031D43E /* Main.storyboard */ = {
			isa = PBXVariantGroup;
			children = (
				06557D731CBF347A0031D43E /* Base */,
			);
			name = Main.storyboard;
			sourceTree = "<group>";
		};
		06557D771CBF347A0031D43E /* LaunchScreen.storyboard */ = {
			isa = PBXVariantGroup;
			children = (
				06557D781CBF347A0031D43E /* Base */,
			);
			name = LaunchScreen.storyboard;
			sourceTree = "<group>";
		};
/* End PBXVariantGroup section */

/* Begin XCBuildConfiguration section */
		06557D7B1CBF347A0031D43E /* Debug */ = {
			isa = XCBuildConfiguration;
			buildSettings = {
				ALWAYS_SEARCH_USER_PATHS = NO;
				CLANG_ANALYZER_NONNULL = YES;
				CLANG_CXX_LANGUAGE_STANDARD = "gnu++0x";
				CLANG_CXX_LIBRARY = "libc++";
				CLANG_ENABLE_MODULES = YES;
				CLANG_ENABLE_OBJC_ARC = YES;
				CLANG_WARN_BOOL_CONVERSION = YES;
				CLANG_WARN_CONSTANT_CONVERSION = YES;
				CLANG_WARN_DIRECT_OBJC_ISA_USAGE = YES_ERROR;
				CLANG_WARN_EMPTY_BODY = YES;
				CLANG_WARN_ENUM_CONVERSION = YES;
				CLANG_WARN_INT_CONVERSION = YES;
				CLANG_WARN_OBJC_ROOT_CLASS = YES_ERROR;
				CLANG_WARN_UNREACHABLE_CODE = YES;
				CLANG_WARN__DUPLICATE_METHOD_MATCH = YES;
				"CODE_SIGN_IDENTITY[sdk=iphoneos*]" = "iPhone Developer";
				COPY_PHASE_STRIP = NO;
				DEBUG_INFORMATION_FORMAT = dwarf;
				ENABLE_STRICT_OBJC_MSGSEND = YES;
				ENABLE_TESTABILITY = YES;
				GCC_C_LANGUAGE_STANDARD = gnu99;
				GCC_DYNAMIC_NO_PIC = NO;
				GCC_NO_COMMON_BLOCKS = YES;
				GCC_OPTIMIZATION_LEVEL = 0;
				GCC_PREPROCESSOR_DEFINITIONS = (
					"DEBUG=1",
					"$(inherited)",
				);
				GCC_WARN_64_TO_32_BIT_CONVERSION = YES;
				GCC_WARN_ABOUT_RETURN_TYPE = YES_ERROR;
				GCC_WARN_UNDECLARED_SELECTOR = YES;
				GCC_WARN_UNINITIALIZED_AUTOS = YES_AGGRESSIVE;
				GCC_WARN_UNUSED_FUNCTION = YES;
				GCC_WARN_UNUSED_VARIABLE = YES;
				IPHONEOS_DEPLOYMENT_TARGET = 9.3;
				MTL_ENABLE_DEBUG_INFO = YES;
				ONLY_ACTIVE_ARCH = YES;
				SDKROOT = iphoneos;
			};
			name = Debug;
		};
		06557D7C1CBF347A0031D43E /* Release */ = {
			isa = XCBuildConfiguration;
			buildSettings = {
				ALWAYS_SEARCH_USER_PATHS = NO;
				CLANG_ANALYZER_NONNULL = YES;
				CLANG_CXX_LANGUAGE_STANDARD = "gnu++0x";
				CLANG_CXX_LIBRARY = "libc++";
				CLANG_ENABLE_MODULES = YES;
				CLANG_ENABLE_OBJC_ARC = YES;
				CLANG_WARN_BOOL_CONVERSION = YES;
				CLANG_WARN_CONSTANT_CONVERSION = YES;
				CLANG_WARN_DIRECT_OBJC_ISA_USAGE = YES_ERROR;
				CLANG_WARN_EMPTY_BODY = YES;
				CLANG_WARN_ENUM_CONVERSION = YES;
				CLANG_WARN_INT_CONVERSION = YES;
				CLANG_WARN_OBJC_ROOT_CLASS = YES_ERROR;
				CLANG_WARN_UNREACHABLE_CODE = YES;
				CLANG_WARN__DUPLICATE_METHOD_MATCH = YES;
				"CODE_SIGN_IDENTITY[sdk=iphoneos*]" = "iPhone Developer";
				COPY_PHASE_STRIP = NO;
				DEBUG_INFORMATION_FORMAT = "dwarf-with-dsym";
				ENABLE_NS_ASSERTIONS = NO;
				ENABLE_STRICT_OBJC_MSGSEND = YES;
				GCC_C_LANGUAGE_STANDARD = gnu99;
				GCC_NO_COMMON_BLOCKS = YES;
				GCC_WARN_64_TO_32_BIT_CONVERSION = YES;
				GCC_WARN_ABOUT_RETURN_TYPE = YES_ERROR;
				GCC_WARN_UNDECLARED_SELECTOR = YES;
				GCC_WARN_UNINITIALIZED_AUTOS = YES_AGGRESSIVE;
				GCC_WARN_UNUSED_FUNCTION = YES;
				GCC_WARN_UNUSED_VARIABLE = YES;
				IPHONEOS_DEPLOYMENT_TARGET = 9.3;
				MTL_ENABLE_DEBUG_INFO = NO;
				SDKROOT = iphoneos;
				VALIDATE_PRODUCT = YES;
			};
			name = Release;
		};
		06557D7E1CBF347A0031D43E /* Debug */ = {
			isa = XCBuildConfiguration;
			buildSettings = {
				ASSETCATALOG_COMPILER_APPICON_NAME = AppIcon;
				INFOPLIST_FILE = HZCalendar/Info.plist;
				LD_RUNPATH_SEARCH_PATHS = "$(inherited) @executable_path/Frameworks";
				PRODUCT_BUNDLE_IDENTIFIER = com.chz.HZCalendar;
				PRODUCT_NAME = "$(TARGET_NAME)";
			};
			name = Debug;
		};
		06557D7F1CBF347A0031D43E /* Release */ = {
			isa = XCBuildConfiguration;
			buildSettings = {
				ASSETCATALOG_COMPILER_APPICON_NAME = AppIcon;
				INFOPLIST_FILE = HZCalendar/Info.plist;
				LD_RUNPATH_SEARCH_PATHS = "$(inherited) @executable_path/Frameworks";
				PRODUCT_BUNDLE_IDENTIFIER = com.chz.HZCalendar;
				PRODUCT_NAME = "$(TARGET_NAME)";
			};
			name = Release;
		};
/* End XCBuildConfiguration section */

/* Begin XCConfigurationList section */
		06557D611CBF347A0031D43E /* Build configuration list for PBXProject "HZCalendar" */ = {
			isa = XCConfigurationList;
			buildConfigurations = (
				06557D7B1CBF347A0031D43E /* Debug */,
				06557D7C1CBF347A0031D43E /* Release */,
			);
			defaultConfigurationIsVisible = 0;
			defaultConfigurationName = Release;
		};
		06557D7D1CBF347A0031D43E /* Build configuration list for PBXNativeTarget "HZCalendar" */ = {
			isa = XCConfigurationList;
			buildConfigurations = (
				06557D7E1CBF347A0031D43E /* Debug */,
				06557D7F1CBF347A0031D43E /* Release */,
			);
			defaultConfigurationIsVisible = 0;
			defaultConfigurationName = Release;
		};
/* End XCConfigurationList section */
	};
	rootObject = 06557D5E1CBF347A0031D43E /* Project object */;
}
