// !$*UTF8*$!
{
	archiveVersion = 1;
	classes = {
	};
	objectVersion = 50;
	objects = {

/* Begin PBXBuildFile section */
		3F5B2A6B211A997A0000887E /* AppDelegate.m in Sources */ = {isa = PBXBuildFile; fileRef = 3F5B2A6A211A997A0000887E /* AppDelegate.m */; };
		3F5B2A6E211A997A0000887E /* ViewController.mm in Sources */ = {isa = PBXBuildFile; fileRef = 3F5B2A6D211A997A0000887E /* ViewController.mm */; };
		3F5B2A71211A997A0000887E /* Main.storyboard in Resources */ = {isa = PBXBuildFile; fileRef = 3F5B2A6F211A997A0000887E /* Main.storyboard */; };
		3F5B2A73211A997B0000887E /* Assets.xcassets in Resources */ = {isa = PBXBuildFile; fileRef = 3F5B2A72211A997B0000887E /* Assets.xcassets */; };
		3F5B2A76211A997B0000887E /* LaunchScreen.storyboard in Resources */ = {isa = PBXBuildFile; fileRef = 3F5B2A74211A997B0000887E /* LaunchScreen.storyboard */; };
		3F5B2A79211A997B0000887E /* main.m in Sources */ = {isa = PBXBuildFile; fileRef = 3F5B2A78211A997B0000887E /* main.m */; };
		3F5B2A81211A99CE0000887E /* ReallCpp.cpp in Sources */ = {isa = PBXBuildFile; fileRef = 3F5B2A7F211A99CE0000887E /* ReallCpp.cpp */; };
		3F5B2A84211A99FB0000887E /* TargetOC.m in Sources */ = {isa = PBXBuildFile; fileRef = 3F5B2A83211A99FB0000887E /* TargetOC.m */; };
/* End PBXBuildFile section */

/* Begin PBXFileReference section */
		3F5B2A66211A997A0000887E /* ObjectiveCPPDemo.app */ = {isa = PBXFileReference; explicitFileType = wrapper.application; includeInIndex = 0; path = ObjectiveCPPDemo.app; sourceTree = BUILT_PRODUCTS_DIR; };
		3F5B2A69211A997A0000887E /* AppDelegate.h */ = {isa = PBXFileReference; lastKnownFileType = sourcecode.c.h; path = AppDelegate.h; sourceTree = "<group>"; };
		3F5B2A6A211A997A0000887E /* AppDelegate.m */ = {isa = PBXFileReference; lastKnownFileType = sourcecode.c.objc; path = AppDelegate.m; sourceTree = "<group>"; };
		3F5B2A6C211A997A0000887E /* ViewController.h */ = {isa = PBXFileReference; lastKnownFileType = sourcecode.c.h; path = ViewController.h; sourceTree = "<group>"; };
		3F5B2A6D211A997A0000887E /* ViewController.mm */ = {isa = PBXFileReference; lastKnownFileType = sourcecode.cpp.objcpp; path = ViewController.mm; sourceTree = "<group>"; };
		3F5B2A70211A997A0000887E /* Base */ = {isa = PBXFileReference; lastKnownFileType = file.storyboard; name = Base; path = Base.lproj/Main.storyboard; sourceTree = "<group>"; };
		3F5B2A72211A997B0000887E /* Assets.xcassets */ = {isa = PBXFileReference; lastKnownFileType = folder.assetcatalog; path = Assets.xcassets; sourceTree = "<group>"; };
		3F5B2A75211A997B0000887E /* Base */ = {isa = PBXFileReference; lastKnownFileType = file.storyboard; name = Base; path = Base.lproj/LaunchScreen.storyboard; sourceTree = "<group>"; };
		3F5B2A77211A997B0000887E /* Info.plist */ = {isa = PBXFileReference; lastKnownFileType = text.plist.xml; path = Info.plist; sourceTree = "<group>"; };
		3F5B2A78211A997B0000887E /* main.m */ = {isa = PBXFileReference; lastKnownFileType = sourcecode.c.objc; path = main.m; sourceTree = "<group>"; };
		3F5B2A7F211A99CE0000887E /* ReallCpp.cpp */ = {isa = PBXFileReference; lastKnownFileType = sourcecode.cpp.cpp; path = ReallCpp.cpp; sourceTree = "<group>"; };
		3F5B2A80211A99CE0000887E /* ReallCpp.hpp */ = {isa = PBXFileReference; lastKnownFileType = sourcecode.cpp.h; path = ReallCpp.hpp; sourceTree = "<group>"; };
		3F5B2A82211A99FB0000887E /* TargetOC.h */ = {isa = PBXFileReference; lastKnownFileType = sourcecode.c.h; path = TargetOC.h; sourceTree = "<group>"; };
		3F5B2A83211A99FB0000887E /* TargetOC.m */ = {isa = PBXFileReference; lastKnownFileType = sourcecode.c.objc; path = TargetOC.m; sourceTree = "<group>"; };
		3F5B2A85211A9A150000887E /* CppOCBridge.h */ = {isa = PBXFileReference; lastKnownFileType = sourcecode.c.h; path = CppOCBridge.h; sourceTree = "<group>"; };
/* End PBXFileReference section */

/* Begin PBXFrameworksBuildPhase section */
		3F5B2A63211A997A0000887E /* Frameworks */ = {
			isa = PBXFrameworksBuildPhase;
			buildActionMask = 2147483647;
			files = (
			);
			runOnlyForDeploymentPostprocessing = 0;
		};
/* End PBXFrameworksBuildPhase section */

/* Begin PBXGroup section */
		3F5B2A5D211A997A0000887E = {
			isa = PBXGroup;
			children = (
				3F5B2A68211A997A0000887E /* ObjectiveCPPDemo */,
				3F5B2A67211A997A0000887E /* Products */,
			);
			sourceTree = "<group>";
		};
		3F5B2A67211A997A0000887E /* Products */ = {
			isa = PBXGroup;
			children = (
				3F5B2A66211A997A0000887E /* ObjectiveCPPDemo.app */,
			);
			name = Products;
			sourceTree = "<group>";
		};
		3F5B2A68211A997A0000887E /* ObjectiveCPPDemo */ = {
			isa = PBXGroup;
			children = (
				3F5B2A69211A997A0000887E /* AppDelegate.h */,
				3F5B2A6A211A997A0000887E /* AppDelegate.m */,
				3F5B2A6C211A997A0000887E /* ViewController.h */,
				3F5B2A6D211A997A0000887E /* ViewController.mm */,
				3F5B2A6F211A997A0000887E /* Main.storyboard */,
				3F5B2A72211A997B0000887E /* Assets.xcassets */,
				3F5B2A74211A997B0000887E /* LaunchScreen.storyboard */,
				3F5B2A77211A997B0000887E /* Info.plist */,
				3F5B2A78211A997B0000887E /* main.m */,
				3F5B2A80211A99CE0000887E /* ReallCpp.hpp */,
				3F5B2A7F211A99CE0000887E /* ReallCpp.cpp */,
				3F5B2A82211A99FB0000887E /* TargetOC.h */,
				3F5B2A83211A99FB0000887E /* TargetOC.m */,
				3F5B2A85211A9A150000887E /* CppOCBridge.h */,
			);
			path = ObjectiveCPPDemo;
			sourceTree = "<group>";
		};
/* End PBXGroup section */

/* Begin PBXNativeTarget section */
		3F5B2A65211A997A0000887E /* ObjectiveCPPDemo */ = {
			isa = PBXNativeTarget;
			buildConfigurationList = 3F5B2A7C211A997B0000887E /* Build configuration list for PBXNativeTarget "ObjectiveCPPDemo" */;
			buildPhases = (
				3F5B2A62211A997A0000887E /* Sources */,
				3F5B2A63211A997A0000887E /* Frameworks */,
				3F5B2A64211A997A0000887E /* Resources */,
			);
			buildRules = (
			);
			dependencies = (
			);
			name = ObjectiveCPPDemo;
			productName = ObjectiveCPPDemo;
			productReference = 3F5B2A66211A997A0000887E /* ObjectiveCPPDemo.app */;
			productType = "com.apple.product-type.application";
		};
/* End PBXNativeTarget section */

/* Begin PBXProject section */
		3F5B2A5E211A997A0000887E /* Project object */ = {
			isa = PBXProject;
			attributes = {
				LastUpgradeCheck = 0940;
				ORGANIZATIONNAME = haozhicao;
				TargetAttributes = {
					3F5B2A65211A997A0000887E = {
						CreatedOnToolsVersion = 9.4.1;
					};
				};
			};
			buildConfigurationList = 3F5B2A61211A997A0000887E /* Build configuration list for PBXProject "ObjectiveCPPDemo" */;
			compatibilityVersion = "Xcode 9.3";
			developmentRegion = en;
			hasScannedForEncodings = 0;
			knownRegions = (
				en,
				Base,
			);
			mainGroup = 3F5B2A5D211A997A0000887E;
			productRefGroup = 3F5B2A67211A997A0000887E /* Products */;
			projectDirPath = "";
			projectRoot = "";
			targets = (
				3F5B2A65211A997A0000887E /* ObjectiveCPPDemo */,
			);
		};
/* End PBXProject section */

/* Begin PBXResourcesBuildPhase section */
		3F5B2A64211A997A0000887E /* Resources */ = {
			isa = PBXResourcesBuildPhase;
			buildActionMask = 2147483647;
			files = (
				3F5B2A76211A997B0000887E /* LaunchScreen.storyboard in Resources */,
				3F5B2A73211A997B0000887E /* Assets.xcassets in Resources */,
				3F5B2A71211A997A0000887E /* Main.storyboard in Resources */,
			);
			runOnlyForDeploymentPostprocessing = 0;
		};
/* End PBXResourcesBuildPhase section */

/* Begin PBXSourcesBuildPhase section */
		3F5B2A62211A997A0000887E /* Sources */ = {
			isa = PBXSourcesBuildPhase;
			buildActionMask = 2147483647;
			files = (
				3F5B2A81211A99CE0000887E /* ReallCpp.cpp in Sources */,
				3F5B2A6E211A997A0000887E /* ViewController.mm in Sources */,
				3F5B2A84211A99FB0000887E /* TargetOC.m in Sources */,
				3F5B2A79211A997B0000887E /* main.m in Sources */,
				3F5B2A6B211A997A0000887E /* AppDelegate.m in Sources */,
			);
			runOnlyForDeploymentPostprocessing = 0;
		};
/* End PBXSourcesBuildPhase section */

/* Begin PBXVariantGroup section */
		3F5B2A6F211A997A0000887E /* Main.storyboard */ = {
			isa = PBXVariantGroup;
			children = (
				3F5B2A70211A997A0000887E /* Base */,
			);
			name = Main.storyboard;
			sourceTree = "<group>";
		};
		3F5B2A74211A997B0000887E /* LaunchScreen.storyboard */ = {
			isa = PBXVariantGroup;
			children = (
				3F5B2A75211A997B0000887E /* Base */,
			);
			name = LaunchScreen.storyboard;
			sourceTree = "<group>";
		};
/* End PBXVariantGroup section */

/* Begin XCBuildConfiguration section */
		3F5B2A7A211A997B0000887E /* Debug */ = {
			isa = XCBuildConfiguration;
			buildSettings = {
				ALWAYS_SEARCH_USER_PATHS = NO;
				CLANG_ANALYZER_NONNULL = YES;
				CLANG_ANALYZER_NUMBER_OBJECT_CONVERSION = YES_AGGRESSIVE;
				CLANG_CXX_LANGUAGE_STANDARD = "gnu++14";
				CLANG_CXX_LIBRARY = "libc++";
				CLANG_ENABLE_MODULES = YES;
				CLANG_ENABLE_OBJC_ARC = YES;
				CLANG_ENABLE_OBJC_WEAK = YES;
				CLANG_WARN_BLOCK_CAPTURE_AUTORELEASING = YES;
				CLANG_WARN_BOOL_CONVERSION = YES;
				CLANG_WARN_COMMA = YES;
				CLANG_WARN_CONSTANT_CONVERSION = YES;
				CLANG_WARN_DEPRECATED_OBJC_IMPLEMENTATIONS = YES;
				CLANG_WARN_DIRECT_OBJC_ISA_USAGE = YES_ERROR;
				CLANG_WARN_DOCUMENTATION_COMMENTS = YES;
				CLANG_WARN_EMPTY_BODY = YES;
				CLANG_WARN_ENUM_CONVERSION = YES;
				CLANG_WARN_INFINITE_RECURSION = YES;
				CLANG_WARN_INT_CONVERSION = YES;
				CLANG_WARN_NON_LITERAL_NULL_CONVERSION = YES;
				CLANG_WARN_OBJC_IMPLICIT_RETAIN_SELF = YES;
				CLANG_WARN_OBJC_LITERAL_CONVERSION = YES;
				CLANG_WARN_OBJC_ROOT_CLASS = YES_ERROR;
				CLANG_WARN_RANGE_LOOP_ANALYSIS = YES;
				CLANG_WARN_STRICT_PROTOTYPES = YES;
				CLANG_WARN_SUSPICIOUS_MOVE = YES;
				CLANG_WARN_UNGUARDED_AVAILABILITY = YES_AGGRESSIVE;
				CLANG_WARN_UNREACHABLE_CODE = YES;
				CLANG_WARN__DUPLICATE_METHOD_MATCH = YES;
				CODE_SIGN_IDENTITY = "iPhone Developer";
				COPY_PHASE_STRIP = NO;
				DEBUG_INFORMATION_FORMAT = dwarf;
				ENABLE_STRICT_OBJC_MSGSEND = YES;
				ENABLE_TESTABILITY = YES;
				GCC_C_LANGUAGE_STANDARD = gnu11;
				GCC_DYNAMIC_NO_PIC = NO;
				GCC_NO_COMMON_BLOCKS = YES;
				GCC_OPTIMIZATION_LEVEL = 0;
				GCC_PREPROCESSOR_DEFINITIONS = (
					"DEBUG=1",
					"$(inherited)",
				);
				GCC_WARN_64_TO_32_BIT_CONVERSION = YES;
				GCC_WARN_ABOUT_RETURN_TYPE = YES_ERROR;
				GCC_WARN_UNDECLARED_SELECTOR = YES;
				GCC_WARN_UNINITIALIZED_AUTOS = YES_AGGRESSIVE;
				GCC_WARN_UNUSED_FUNCTION = YES;
				GCC_WARN_UNUSED_VARIABLE = YES;
				IPHONEOS_DEPLOYMENT_TARGET = 11.4;
				MTL_ENABLE_DEBUG_INFO = YES;
				ONLY_ACTIVE_ARCH = YES;
				SDKROOT = iphoneos;
			};
			name = Debug;
		};
		3F5B2A7B211A997B0000887E /* Release */ = {
			isa = XCBuildConfiguration;
			buildSettings = {
				ALWAYS_SEARCH_USER_PATHS = NO;
				CLANG_ANALYZER_NONNULL = YES;
				CLANG_ANALYZER_NUMBER_OBJECT_CONVERSION = YES_AGGRESSIVE;
				CLANG_CXX_LANGUAGE_STANDARD = "gnu++14";
				CLANG_CXX_LIBRARY = "libc++";
				CLANG_ENABLE_MODULES = YES;
				CLANG_ENABLE_OBJC_ARC = YES;
				CLANG_ENABLE_OBJC_WEAK = YES;
				CLANG_WARN_BLOCK_CAPTURE_AUTORELEASING = YES;
				CLANG_WARN_BOOL_CONVERSION = YES;
				CLANG_WARN_COMMA = YES;
				CLANG_WARN_CONSTANT_CONVERSION = YES;
				CLANG_WARN_DEPRECATED_OBJC_IMPLEMENTATIONS = YES;
				CLANG_WARN_DIRECT_OBJC_ISA_USAGE = YES_ERROR;
				CLANG_WARN_DOCUMENTATION_COMMENTS = YES;
				CLANG_WARN_EMPTY_BODY = YES;
				CLANG_WARN_ENUM_CONVERSION = YES;
				CLANG_WARN_INFINITE_RECURSION = YES;
				CLANG_WARN_INT_CONVERSION = YES;
				CLANG_WARN_NON_LITERAL_NULL_CONVERSION = YES;
				CLANG_WARN_OBJC_IMPLICIT_RETAIN_SELF = YES;
				CLANG_WARN_OBJC_LITERAL_CONVERSION = YES;
				CLANG_WARN_OBJC_ROOT_CLASS = YES_ERROR;
				CLANG_WARN_RANGE_LOOP_ANALYSIS = YES;
				CLANG_WARN_STRICT_PROTOTYPES = YES;
				CLANG_WARN_SUSPICIOUS_MOVE = YES;
				CLANG_WARN_UNGUARDED_AVAILABILITY = YES_AGGRESSIVE;
				CLANG_WARN_UNREACHABLE_CODE = YES;
				CLANG_WARN__DUPLICATE_METHOD_MATCH = YES;
				CODE_SIGN_IDENTITY = "iPhone Developer";
				COPY_PHASE_STRIP = NO;
				DEBUG_INFORMATION_FORMAT = "dwarf-with-dsym";
				ENABLE_NS_ASSERTIONS = NO;
				ENABLE_STRICT_OBJC_MSGSEND = YES;
				GCC_C_LANGUAGE_STANDARD = gnu11;
				GCC_NO_COMMON_BLOCKS = YES;
				GCC_WARN_64_TO_32_BIT_CONVERSION = YES;
				GCC_WARN_ABOUT_RETURN_TYPE = YES_ERROR;
				GCC_WARN_UNDECLARED_SELECTOR = YES;
				GCC_WARN_UNINITIALIZED_AUTOS = YES_AGGRESSIVE;
				GCC_WARN_UNUSED_FUNCTION = YES;
				GCC_WARN_UNUSED_VARIABLE = YES;
				IPHONEOS_DEPLOYMENT_TARGET = 11.4;
				MTL_ENABLE_DEBUG_INFO = NO;
				SDKROOT = iphoneos;
				VALIDATE_PRODUCT = YES;
			};
			name = Release;
		};
		3F5B2A7D211A997B0000887E /* Debug */ = {
			isa = XCBuildConfiguration;
			buildSettings = {
				ASSETCATALOG_COMPILER_APPICON_NAME = AppIcon;
				CODE_SIGN_STYLE = Automatic;
				INFOPLIST_FILE = ObjectiveCPPDemo/Info.plist;
				LD_RUNPATH_SEARCH_PATHS = (
					"$(inherited)",
					"@executable_path/Frameworks",
				);
				PRODUCT_BUNDLE_IDENTIFIER = helloted.com.ObjectiveCPPDemo;
				PRODUCT_NAME = "$(TARGET_NAME)";
				TARGETED_DEVICE_FAMILY = "1,2";
			};
			name = Debug;
		};
		3F5B2A7E211A997B0000887E /* Release */ = {
			isa = XCBuildConfiguration;
			buildSettings = {
				ASSETCATALOG_COMPILER_APPICON_NAME = AppIcon;
				CODE_SIGN_STYLE = Automatic;
				INFOPLIST_FILE = ObjectiveCPPDemo/Info.plist;
				LD_RUNPATH_SEARCH_PATHS = (
					"$(inherited)",
					"@executable_path/Frameworks",
				);
				PRODUCT_BUNDLE_IDENTIFIER = helloted.com.ObjectiveCPPDemo;
				PRODUCT_NAME = "$(TARGET_NAME)";
				TARGETED_DEVICE_FAMILY = "1,2";
			};
			name = Release;
		};
/* End XCBuildConfiguration section */

/* Begin XCConfigurationList section */
		3F5B2A61211A997A0000887E /* Build configuration list for PBXProject "ObjectiveCPPDemo" */ = {
			isa = XCConfigurationList;
			buildConfigurations = (
				3F5B2A7A211A997B0000887E /* Debug */,
				3F5B2A7B211A997B0000887E /* Release */,
			);
			defaultConfigurationIsVisible = 0;
			defaultConfigurationName = Release;
		};
		3F5B2A7C211A997B0000887E /* Build configuration list for PBXNativeTarget "ObjectiveCPPDemo" */ = {
			isa = XCConfigurationList;
			buildConfigurations = (
				3F5B2A7D211A997B0000887E /* Debug */,
				3F5B2A7E211A997B0000887E /* Release */,
			);
			defaultConfigurationIsVisible = 0;
			defaultConfigurationName = Release;
		};
/* End XCConfigurationList section */
	};
	rootObject = 3F5B2A5E211A997A0000887E /* Project object */;
}
