PODS:
  - IFTimeoutBlock (1.0.0)
  - librtmp-iOS (1.0.1)
  - rtmp-wrapper (1.0.8):
    - IFTimeoutBlock (~> 1.0.0)
    - librtmp-iOS (~> 1.0.1)

DEPENDENCIES:
  - rtmp-wrapper (~> 1.0.6)

SPEC CHECKSUMS:
  IFTimeoutBlock: 0d5c5fc8052a0b9505c3ceb990309986fc65eee9
  librtmp-iOS: f7f56e1c98f0034db719b02a3fa5db2c3c52a593
  rtmp-wrapper: 7c9bd315728873424b4c979dc09adbb88bec0a0c

PODFILE CHECKSUM: fd0e9a522d3b75cc696796691830fb951e8f80a9

COCOAPODS: 1.2.1
