// !$*UTF8*$!
{
	archiveVersion = 1;
	classes = {
	};
	objectVersion = 46;
	objects = {

/* Begin PBXBuildFile section */
		063391AD1DEEB88B0006A191 /* Person.m in Sources */ = {isa = PBXBuildFile; fileRef = 063391AC1DEEB88B0006A191 /* Person.m */; };
		06B80A101CF3FE9000CF355F /* main.m in Sources */ = {isa = PBXBuildFile; fileRef = 06B80A0F1CF3FE9000CF355F /* main.m */; };
		06B80A131CF3FE9000CF355F /* AppDelegate.m in Sources */ = {isa = PBXBuildFile; fileRef = 06B80A121CF3FE9000CF355F /* AppDelegate.m */; };
		06B80A161CF3FE9000CF355F /* ViewController.m in Sources */ = {isa = PBXBuildFile; fileRef = 06B80A151CF3FE9000CF355F /* ViewController.m */; };
		06B80A191CF3FE9000CF355F /* Main.storyboard in Resources */ = {isa = PBXBuildFile; fileRef = 06B80A171CF3FE9000CF355F /* Main.storyboard */; };
		06B80A1B1CF3FE9000CF355F /* Assets.xcassets in Resources */ = {isa = PBXBuildFile; fileRef = 06B80A1A1CF3FE9000CF355F /* Assets.xcassets */; };
		06B80A1E1CF3FE9000CF355F /* LaunchScreen.storyboard in Resources */ = {isa = PBXBuildFile; fileRef = 06B80A1C1CF3FE9000CF355F /* LaunchScreen.storyboard */; };
/* End PBXBuildFile section */

/* Begin PBXFileReference section */
		063391AB1DEEB88B0006A191 /* Person.h */ = {isa = PBXFileReference; fileEncoding = 4; lastKnownFileType = sourcecode.c.h; path = Person.h; sourceTree = "<group>"; };
		063391AC1DEEB88B0006A191 /* Person.m */ = {isa = PBXFileReference; fileEncoding = 4; lastKnownFileType = sourcecode.c.objc; path = Person.m; sourceTree = "<group>"; };
		06B80A0B1CF3FE9000CF355F /* RuntimeDemo.app */ = {isa = PBXFileReference; explicitFileType = wrapper.application; includeInIndex = 0; path = RuntimeDemo.app; sourceTree = BUILT_PRODUCTS_DIR; };
		06B80A0F1CF3FE9000CF355F /* main.m */ = {isa = PBXFileReference; lastKnownFileType = sourcecode.c.objc; path = main.m; sourceTree = "<group>"; };
		06B80A111CF3FE9000CF355F /* AppDelegate.h */ = {isa = PBXFileReference; lastKnownFileType = sourcecode.c.h; path = AppDelegate.h; sourceTree = "<group>"; };
		06B80A121CF3FE9000CF355F /* AppDelegate.m */ = {isa = PBXFileReference; lastKnownFileType = sourcecode.c.objc; path = AppDelegate.m; sourceTree = "<group>"; };
		06B80A141CF3FE9000CF355F /* ViewController.h */ = {isa = PBXFileReference; lastKnownFileType = sourcecode.c.h; path = ViewController.h; sourceTree = "<group>"; };
		06B80A151CF3FE9000CF355F /* ViewController.m */ = {isa = PBXFileReference; lastKnownFileType = sourcecode.c.objc; path = ViewController.m; sourceTree = "<group>"; };
		06B80A181CF3FE9000CF355F /* Base */ = {isa = PBXFileReference; lastKnownFileType = file.storyboard; name = Base; path = Base.lproj/Main.storyboard; sourceTree = "<group>"; };
		06B80A1A1CF3FE9000CF355F /* Assets.xcassets */ = {isa = PBXFileReference; lastKnownFileType = folder.assetcatalog; path = Assets.xcassets; sourceTree = "<group>"; };
		06B80A1D1CF3FE9000CF355F /* Base */ = {isa = PBXFileReference; lastKnownFileType = file.storyboard; name = Base; path = Base.lproj/LaunchScreen.storyboard; sourceTree = "<group>"; };
		06B80A1F1CF3FE9000CF355F /* Info.plist */ = {isa = PBXFileReference; lastKnownFileType = text.plist.xml; path = Info.plist; sourceTree = "<group>"; };
/* End PBXFileReference section */

/* Begin PBXFrameworksBuildPhase section */
		06B80A081CF3FE9000CF355F /* Frameworks */ = {
			isa = PBXFrameworksBuildPhase;
			buildActionMask = 2147483647;
			files = (
			);
			runOnlyForDeploymentPostprocessing = 0;
		};
/* End PBXFrameworksBuildPhase section */

/* Begin PBXGroup section */
		06B80A021CF3FE9000CF355F = {
			isa = PBXGroup;
			children = (
				06B80A0D1CF3FE9000CF355F /* RuntimeDemo */,
				06B80A0C1CF3FE9000CF355F /* Products */,
			);
			sourceTree = "<group>";
		};
		06B80A0C1CF3FE9000CF355F /* Products */ = {
			isa = PBXGroup;
			children = (
				06B80A0B1CF3FE9000CF355F /* RuntimeDemo.app */,
			);
			name = Products;
			sourceTree = "<group>";
		};
		06B80A0D1CF3FE9000CF355F /* RuntimeDemo */ = {
			isa = PBXGroup;
			children = (
				06B80A111CF3FE9000CF355F /* AppDelegate.h */,
				06B80A121CF3FE9000CF355F /* AppDelegate.m */,
				06B80A141CF3FE9000CF355F /* ViewController.h */,
				06B80A151CF3FE9000CF355F /* ViewController.m */,
				06B80A171CF3FE9000CF355F /* Main.storyboard */,
				06B80A1A1CF3FE9000CF355F /* Assets.xcassets */,
				06B80A1C1CF3FE9000CF355F /* LaunchScreen.storyboard */,
				06B80A1F1CF3FE9000CF355F /* Info.plist */,
				06B80A0E1CF3FE9000CF355F /* Supporting Files */,
				063391AB1DEEB88B0006A191 /* Person.h */,
				063391AC1DEEB88B0006A191 /* Person.m */,
			);
			path = RuntimeDemo;
			sourceTree = "<group>";
		};
		06B80A0E1CF3FE9000CF355F /* Supporting Files */ = {
			isa = PBXGroup;
			children = (
				06B80A0F1CF3FE9000CF355F /* main.m */,
			);
			name = "Supporting Files";
			sourceTree = "<group>";
		};
/* End PBXGroup section */

/* Begin PBXNativeTarget section */
		06B80A0A1CF3FE9000CF355F /* RuntimeDemo */ = {
			isa = PBXNativeTarget;
			buildConfigurationList = 06B80A221CF3FE9000CF355F /* Build configuration list for PBXNativeTarget "RuntimeDemo" */;
			buildPhases = (
				06B80A071CF3FE9000CF355F /* Sources */,
				06B80A081CF3FE9000CF355F /* Frameworks */,
				06B80A091CF3FE9000CF355F /* Resources */,
			);
			buildRules = (
			);
			dependencies = (
			);
			name = RuntimeDemo;
			productName = RuntimeDemo;
			productReference = 06B80A0B1CF3FE9000CF355F /* RuntimeDemo.app */;
			productType = "com.apple.product-type.application";
		};
/* End PBXNativeTarget section */

/* Begin PBXProject section */
		06B80A031CF3FE9000CF355F /* Project object */ = {
			isa = PBXProject;
			attributes = {
				LastUpgradeCheck = 0730;
				ORGANIZATIONNAME = Devond;
				TargetAttributes = {
					06B80A0A1CF3FE9000CF355F = {
						CreatedOnToolsVersion = 7.3;
					};
				};
			};
			buildConfigurationList = 06B80A061CF3FE9000CF355F /* Build configuration list for PBXProject "RuntimeDemo" */;
			compatibilityVersion = "Xcode 3.2";
			developmentRegion = English;
			hasScannedForEncodings = 0;
			knownRegions = (
				en,
				Base,
			);
			mainGroup = 06B80A021CF3FE9000CF355F;
			productRefGroup = 06B80A0C1CF3FE9000CF355F /* Products */;
			projectDirPath = "";
			projectRoot = "";
			targets = (
				06B80A0A1CF3FE9000CF355F /* RuntimeDemo */,
			);
		};
/* End PBXProject section */

/* Begin PBXResourcesBuildPhase section */
		06B80A091CF3FE9000CF355F /* Resources */ = {
			isa = PBXResourcesBuildPhase;
			buildActionMask = 2147483647;
			files = (
				06B80A1E1CF3FE9000CF355F /* LaunchScreen.storyboard in Resources */,
				06B80A1B1CF3FE9000CF355F /* Assets.xcassets in Resources */,
				06B80A191CF3FE9000CF355F /* Main.storyboard in Resources */,
			);
			runOnlyForDeploymentPostprocessing = 0;
		};
/* End PBXResourcesBuildPhase section */

/* Begin PBXSourcesBuildPhase section */
		06B80A071CF3FE9000CF355F /* Sources */ = {
			isa = PBXSourcesBuildPhase;
			buildActionMask = 2147483647;
			files = (
				063391AD1DEEB88B0006A191 /* Person.m in Sources */,
				06B80A161CF3FE9000CF355F /* ViewController.m in Sources */,
				06B80A131CF3FE9000CF355F /* AppDelegate.m in Sources */,
				06B80A101CF3FE9000CF355F /* main.m in Sources */,
			);
			runOnlyForDeploymentPostprocessing = 0;
		};
/* End PBXSourcesBuildPhase section */

/* Begin PBXVariantGroup section */
		06B80A171CF3FE9000CF355F /* Main.storyboard */ = {
			isa = PBXVariantGroup;
			children = (
				06B80A181CF3FE9000CF355F /* Base */,
			);
			name = Main.storyboard;
			sourceTree = "<group>";
		};
		06B80A1C1CF3FE9000CF355F /* LaunchScreen.storyboard */ = {
			isa = PBXVariantGroup;
			children = (
				06B80A1D1CF3FE9000CF355F /* Base */,
			);
			name = LaunchScreen.storyboard;
			sourceTree = "<group>";
		};
/* End PBXVariantGroup section */

/* Begin XCBuildConfiguration section */
		06B80A201CF3FE9000CF355F /* Debug */ = {
			isa = XCBuildConfiguration;
			buildSettings = {
				ALWAYS_SEARCH_USER_PATHS = NO;
				CLANG_ANALYZER_NONNULL = YES;
				CLANG_CXX_LANGUAGE_STANDARD = "gnu++0x";
				CLANG_CXX_LIBRARY = "libc++";
				CLANG_ENABLE_MODULES = YES;
				CLANG_ENABLE_OBJC_ARC = YES;
				CLANG_WARN_BOOL_CONVERSION = YES;
				CLANG_WARN_CONSTANT_CONVERSION = YES;
				CLANG_WARN_DIRECT_OBJC_ISA_USAGE = YES_ERROR;
				CLANG_WARN_EMPTY_BODY = YES;
				CLANG_WARN_ENUM_CONVERSION = YES;
				CLANG_WARN_INT_CONVERSION = YES;
				CLANG_WARN_OBJC_ROOT_CLASS = YES_ERROR;
				CLANG_WARN_UNREACHABLE_CODE = YES;
				CLANG_WARN__DUPLICATE_METHOD_MATCH = YES;
				"CODE_SIGN_IDENTITY[sdk=iphoneos*]" = "iPhone Developer";
				COPY_PHASE_STRIP = NO;
				DEBUG_INFORMATION_FORMAT = dwarf;
				ENABLE_STRICT_OBJC_MSGSEND = YES;
				ENABLE_TESTABILITY = YES;
				GCC_C_LANGUAGE_STANDARD = gnu99;
				GCC_DYNAMIC_NO_PIC = NO;
				GCC_NO_COMMON_BLOCKS = YES;
				GCC_OPTIMIZATION_LEVEL = 0;
				GCC_PREPROCESSOR_DEFINITIONS = (
					"DEBUG=1",
					"$(inherited)",
				);
				GCC_WARN_64_TO_32_BIT_CONVERSION = YES;
				GCC_WARN_ABOUT_RETURN_TYPE = YES_ERROR;
				GCC_WARN_UNDECLARED_SELECTOR = YES;
				GCC_WARN_UNINITIALIZED_AUTOS = YES_AGGRESSIVE;
				GCC_WARN_UNUSED_FUNCTION = YES;
				GCC_WARN_UNUSED_VARIABLE = YES;
				IPHONEOS_DEPLOYMENT_TARGET = 9.3;
				MTL_ENABLE_DEBUG_INFO = YES;
				ONLY_ACTIVE_ARCH = YES;
				SDKROOT = iphoneos;
			};
			name = Debug;
		};
		06B80A211CF3FE9000CF355F /* Release */ = {
			isa = XCBuildConfiguration;
			buildSettings = {
				ALWAYS_SEARCH_USER_PATHS = NO;
				CLANG_ANALYZER_NONNULL = YES;
				CLANG_CXX_LANGUAGE_STANDARD = "gnu++0x";
				CLANG_CXX_LIBRARY = "libc++";
				CLANG_ENABLE_MODULES = YES;
				CLANG_ENABLE_OBJC_ARC = YES;
				CLANG_WARN_BOOL_CONVERSION = YES;
				CLANG_WARN_CONSTANT_CONVERSION = YES;
				CLANG_WARN_DIRECT_OBJC_ISA_USAGE = YES_ERROR;
				CLANG_WARN_EMPTY_BODY = YES;
				CLANG_WARN_ENUM_CONVERSION = YES;
				CLANG_WARN_INT_CONVERSION = YES;
				CLANG_WARN_OBJC_ROOT_CLASS = YES_ERROR;
				CLANG_WARN_UNREACHABLE_CODE = YES;
				CLANG_WARN__DUPLICATE_METHOD_MATCH = YES;
				"CODE_SIGN_IDENTITY[sdk=iphoneos*]" = "iPhone Developer";
				COPY_PHASE_STRIP = NO;
				DEBUG_INFORMATION_FORMAT = "dwarf-with-dsym";
				ENABLE_NS_ASSERTIONS = NO;
				ENABLE_STRICT_OBJC_MSGSEND = YES;
				GCC_C_LANGUAGE_STANDARD = gnu99;
				GCC_NO_COMMON_BLOCKS = YES;
				GCC_WARN_64_TO_32_BIT_CONVERSION = YES;
				GCC_WARN_ABOUT_RETURN_TYPE = YES_ERROR;
				GCC_WARN_UNDECLARED_SELECTOR = YES;
				GCC_WARN_UNINITIALIZED_AUTOS = YES_AGGRESSIVE;
				GCC_WARN_UNUSED_FUNCTION = YES;
				GCC_WARN_UNUSED_VARIABLE = YES;
				IPHONEOS_DEPLOYMENT_TARGET = 9.3;
				MTL_ENABLE_DEBUG_INFO = NO;
				SDKROOT = iphoneos;
				VALIDATE_PRODUCT = YES;
			};
			name = Release;
		};
		06B80A231CF3FE9000CF355F /* Debug */ = {
			isa = XCBuildConfiguration;
			buildSettings = {
				ASSETCATALOG_COMPILER_APPICON_NAME = AppIcon;
				CLANG_ENABLE_OBJC_ARC = NO;
				INFOPLIST_FILE = RuntimeDemo/Info.plist;
				LD_RUNPATH_SEARCH_PATHS = "$(inherited) @executable_path/Frameworks";
				PRODUCT_BUNDLE_IDENTIFIER = com.devond.RuntimeDemo;
				PRODUCT_NAME = "$(TARGET_NAME)";
			};
			name = Debug;
		};
		06B80A241CF3FE9000CF355F /* Release */ = {
			isa = XCBuildConfiguration;
			buildSettings = {
				ASSETCATALOG_COMPILER_APPICON_NAME = AppIcon;
				CLANG_ENABLE_OBJC_ARC = NO;
				INFOPLIST_FILE = RuntimeDemo/Info.plist;
				LD_RUNPATH_SEARCH_PATHS = "$(inherited) @executable_path/Frameworks";
				PRODUCT_BUNDLE_IDENTIFIER = com.devond.RuntimeDemo;
				PRODUCT_NAME = "$(TARGET_NAME)";
			};
			name = Release;
		};
/* End XCBuildConfiguration section */

/* Begin XCConfigurationList section */
		06B80A061CF3FE9000CF355F /* Build configuration list for PBXProject "RuntimeDemo" */ = {
			isa = XCConfigurationList;
			buildConfigurations = (
				06B80A201CF3FE9000CF355F /* Debug */,
				06B80A211CF3FE9000CF355F /* Release */,
			);
			defaultConfigurationIsVisible = 0;
			defaultConfigurationName = Release;
		};
		06B80A221CF3FE9000CF355F /* Build configuration list for PBXNativeTarget "RuntimeDemo" */ = {
			isa = XCConfigurationList;
			buildConfigurations = (
				06B80A231CF3FE9000CF355F /* Debug */,
				06B80A241CF3FE9000CF355F /* Release */,
			);
			defaultConfigurationIsVisible = 0;
			defaultConfigurationName = Release;
		};
/* End XCConfigurationList section */
	};
	rootObject = 06B80A031CF3FE9000CF355F /* Project object */;
}
