// !$*UTF8*$!
{
	archiveVersion = 1;
	classes = {
	};
	objectVersion = 48;
	objects = {

/* Begin PBXBuildFile section */
		884FD67420C52236004CAE70 /* HTProxy.m in Sources */ = {isa = PBXBuildFile; fileRef = 884FD67320C52236004CAE70 /* HTProxy.m */; };
		887776EB20BE38FD004F7E87 /* AppDelegate.m in Sources */ = {isa = PBXBuildFile; fileRef = 887776EA20BE38FD004F7E87 /* AppDelegate.m */; };
		887776EE20BE38FD004F7E87 /* ViewController.m in Sources */ = {isa = PBXBuildFile; fileRef = 887776ED20BE38FD004F7E87 /* ViewController.m */; };
		887776F120BE38FD004F7E87 /* Main.storyboard in Resources */ = {isa = PBXBuildFile; fileRef = 887776EF20BE38FD004F7E87 /* Main.storyboard */; };
		887776F320BE38FD004F7E87 /* Assets.xcassets in Resources */ = {isa = PBXBuildFile; fileRef = 887776F220BE38FD004F7E87 /* Assets.xcassets */; };
		887776F620BE38FD004F7E87 /* LaunchScreen.storyboard in Resources */ = {isa = PBXBuildFile; fileRef = 887776F420BE38FD004F7E87 /* LaunchScreen.storyboard */; };
		887776F920BE38FD004F7E87 /* main.m in Sources */ = {isa = PBXBuildFile; fileRef = 887776F820BE38FD004F7E87 /* main.m */; };
		8877770120BE393D004F7E87 /* NSObject+HTUnrecognizedSelector.m in Sources */ = {isa = PBXBuildFile; fileRef = 8877770020BE393D004F7E87 /* NSObject+HTUnrecognizedSelector.m */; };
		8877770420BE398D004F7E87 /* Demo.m in Sources */ = {isa = PBXBuildFile; fileRef = 8877770320BE398D004F7E87 /* Demo.m */; };
/* End PBXBuildFile section */

/* Begin PBXFileReference section */
		884FD67220C52236004CAE70 /* HTProxy.h */ = {isa = PBXFileReference; lastKnownFileType = sourcecode.c.h; path = HTProxy.h; sourceTree = "<group>"; };
		884FD67320C52236004CAE70 /* HTProxy.m */ = {isa = PBXFileReference; lastKnownFileType = sourcecode.c.objc; path = HTProxy.m; sourceTree = "<group>"; };
		887776E620BE38FD004F7E87 /* Runtime_2.app */ = {isa = PBXFileReference; explicitFileType = wrapper.application; includeInIndex = 0; path = Runtime_2.app; sourceTree = BUILT_PRODUCTS_DIR; };
		887776E920BE38FD004F7E87 /* AppDelegate.h */ = {isa = PBXFileReference; lastKnownFileType = sourcecode.c.h; path = AppDelegate.h; sourceTree = "<group>"; };
		887776EA20BE38FD004F7E87 /* AppDelegate.m */ = {isa = PBXFileReference; lastKnownFileType = sourcecode.c.objc; path = AppDelegate.m; sourceTree = "<group>"; };
		887776EC20BE38FD004F7E87 /* ViewController.h */ = {isa = PBXFileReference; lastKnownFileType = sourcecode.c.h; path = ViewController.h; sourceTree = "<group>"; };
		887776ED20BE38FD004F7E87 /* ViewController.m */ = {isa = PBXFileReference; lastKnownFileType = sourcecode.c.objc; path = ViewController.m; sourceTree = "<group>"; };
		887776F020BE38FD004F7E87 /* Base */ = {isa = PBXFileReference; lastKnownFileType = file.storyboard; name = Base; path = Base.lproj/Main.storyboard; sourceTree = "<group>"; };
		887776F220BE38FD004F7E87 /* Assets.xcassets */ = {isa = PBXFileReference; lastKnownFileType = folder.assetcatalog; path = Assets.xcassets; sourceTree = "<group>"; };
		887776F520BE38FD004F7E87 /* Base */ = {isa = PBXFileReference; lastKnownFileType = file.storyboard; name = Base; path = Base.lproj/LaunchScreen.storyboard; sourceTree = "<group>"; };
		887776F720BE38FD004F7E87 /* Info.plist */ = {isa = PBXFileReference; lastKnownFileType = text.plist.xml; path = Info.plist; sourceTree = "<group>"; };
		887776F820BE38FD004F7E87 /* main.m */ = {isa = PBXFileReference; lastKnownFileType = sourcecode.c.objc; path = main.m; sourceTree = "<group>"; };
		887776FF20BE393D004F7E87 /* NSObject+HTUnrecognizedSelector.h */ = {isa = PBXFileReference; lastKnownFileType = sourcecode.c.h; path = "NSObject+HTUnrecognizedSelector.h"; sourceTree = "<group>"; };
		8877770020BE393D004F7E87 /* NSObject+HTUnrecognizedSelector.m */ = {isa = PBXFileReference; lastKnownFileType = sourcecode.c.objc; path = "NSObject+HTUnrecognizedSelector.m"; sourceTree = "<group>"; };
		8877770220BE398D004F7E87 /* Demo.h */ = {isa = PBXFileReference; lastKnownFileType = sourcecode.c.h; path = Demo.h; sourceTree = "<group>"; };
		8877770320BE398D004F7E87 /* Demo.m */ = {isa = PBXFileReference; lastKnownFileType = sourcecode.c.objc; path = Demo.m; sourceTree = "<group>"; };
/* End PBXFileReference section */

/* Begin PBXFrameworksBuildPhase section */
		887776E320BE38FD004F7E87 /* Frameworks */ = {
			isa = PBXFrameworksBuildPhase;
			buildActionMask = 2147483647;
			files = (
			);
			runOnlyForDeploymentPostprocessing = 0;
		};
/* End PBXFrameworksBuildPhase section */

/* Begin PBXGroup section */
		887776DD20BE38FD004F7E87 = {
			isa = PBXGroup;
			children = (
				887776E820BE38FD004F7E87 /* Runtime_2 */,
				887776E720BE38FD004F7E87 /* Products */,
			);
			sourceTree = "<group>";
		};
		887776E720BE38FD004F7E87 /* Products */ = {
			isa = PBXGroup;
			children = (
				887776E620BE38FD004F7E87 /* Runtime_2.app */,
			);
			name = Products;
			sourceTree = "<group>";
		};
		887776E820BE38FD004F7E87 /* Runtime_2 */ = {
			isa = PBXGroup;
			children = (
				887776E920BE38FD004F7E87 /* AppDelegate.h */,
				887776EA20BE38FD004F7E87 /* AppDelegate.m */,
				887776EC20BE38FD004F7E87 /* ViewController.h */,
				887776ED20BE38FD004F7E87 /* ViewController.m */,
				887776EF20BE38FD004F7E87 /* Main.storyboard */,
				887776F220BE38FD004F7E87 /* Assets.xcassets */,
				887776F420BE38FD004F7E87 /* LaunchScreen.storyboard */,
				887776F720BE38FD004F7E87 /* Info.plist */,
				887776F820BE38FD004F7E87 /* main.m */,
				887776FF20BE393D004F7E87 /* NSObject+HTUnrecognizedSelector.h */,
				8877770020BE393D004F7E87 /* NSObject+HTUnrecognizedSelector.m */,
				8877770220BE398D004F7E87 /* Demo.h */,
				8877770320BE398D004F7E87 /* Demo.m */,
				884FD67220C52236004CAE70 /* HTProxy.h */,
				884FD67320C52236004CAE70 /* HTProxy.m */,
			);
			path = Runtime_2;
			sourceTree = "<group>";
		};
/* End PBXGroup section */

/* Begin PBXNativeTarget section */
		887776E520BE38FD004F7E87 /* Runtime_2 */ = {
			isa = PBXNativeTarget;
			buildConfigurationList = 887776FC20BE38FD004F7E87 /* Build configuration list for PBXNativeTarget "Runtime_2" */;
			buildPhases = (
				887776E220BE38FD004F7E87 /* Sources */,
				887776E320BE38FD004F7E87 /* Frameworks */,
				887776E420BE38FD004F7E87 /* Resources */,
			);
			buildRules = (
			);
			dependencies = (
			);
			name = Runtime_2;
			productName = Runtime_2;
			productReference = 887776E620BE38FD004F7E87 /* Runtime_2.app */;
			productType = "com.apple.product-type.application";
		};
/* End PBXNativeTarget section */

/* Begin PBXProject section */
		887776DE20BE38FD004F7E87 /* Project object */ = {
			isa = PBXProject;
			attributes = {
				LastUpgradeCheck = 0920;
				ORGANIZATIONNAME = HelloTed;
				TargetAttributes = {
					887776E520BE38FD004F7E87 = {
						CreatedOnToolsVersion = 9.2;
						ProvisioningStyle = Automatic;
					};
				};
			};
			buildConfigurationList = 887776E120BE38FD004F7E87 /* Build configuration list for PBXProject "Runtime_2" */;
			compatibilityVersion = "Xcode 8.0";
			developmentRegion = en;
			hasScannedForEncodings = 0;
			knownRegions = (
				en,
				Base,
			);
			mainGroup = 887776DD20BE38FD004F7E87;
			productRefGroup = 887776E720BE38FD004F7E87 /* Products */;
			projectDirPath = "";
			projectRoot = "";
			targets = (
				887776E520BE38FD004F7E87 /* Runtime_2 */,
			);
		};
/* End PBXProject section */

/* Begin PBXResourcesBuildPhase section */
		887776E420BE38FD004F7E87 /* Resources */ = {
			isa = PBXResourcesBuildPhase;
			buildActionMask = 2147483647;
			files = (
				887776F620BE38FD004F7E87 /* LaunchScreen.storyboard in Resources */,
				887776F320BE38FD004F7E87 /* Assets.xcassets in Resources */,
				887776F120BE38FD004F7E87 /* Main.storyboard in Resources */,
			);
			runOnlyForDeploymentPostprocessing = 0;
		};
/* End PBXResourcesBuildPhase section */

/* Begin PBXSourcesBuildPhase section */
		887776E220BE38FD004F7E87 /* Sources */ = {
			isa = PBXSourcesBuildPhase;
			buildActionMask = 2147483647;
			files = (
				884FD67420C52236004CAE70 /* HTProxy.m in Sources */,
				8877770420BE398D004F7E87 /* Demo.m in Sources */,
				887776EE20BE38FD004F7E87 /* ViewController.m in Sources */,
				887776F920BE38FD004F7E87 /* main.m in Sources */,
				887776EB20BE38FD004F7E87 /* AppDelegate.m in Sources */,
				8877770120BE393D004F7E87 /* NSObject+HTUnrecognizedSelector.m in Sources */,
			);
			runOnlyForDeploymentPostprocessing = 0;
		};
/* End PBXSourcesBuildPhase section */

/* Begin PBXVariantGroup section */
		887776EF20BE38FD004F7E87 /* Main.storyboard */ = {
			isa = PBXVariantGroup;
			children = (
				887776F020BE38FD004F7E87 /* Base */,
			);
			name = Main.storyboard;
			sourceTree = "<group>";
		};
		887776F420BE38FD004F7E87 /* LaunchScreen.storyboard */ = {
			isa = PBXVariantGroup;
			children = (
				887776F520BE38FD004F7E87 /* Base */,
			);
			name = LaunchScreen.storyboard;
			sourceTree = "<group>";
		};
/* End PBXVariantGroup section */

/* Begin XCBuildConfiguration section */
		887776FA20BE38FD004F7E87 /* Debug */ = {
			isa = XCBuildConfiguration;
			buildSettings = {
				ALWAYS_SEARCH_USER_PATHS = NO;
				CLANG_ANALYZER_NONNULL = YES;
				CLANG_ANALYZER_NUMBER_OBJECT_CONVERSION = YES_AGGRESSIVE;
				CLANG_CXX_LANGUAGE_STANDARD = "gnu++14";
				CLANG_CXX_LIBRARY = "libc++";
				CLANG_ENABLE_MODULES = YES;
				CLANG_ENABLE_OBJC_ARC = YES;
				CLANG_WARN_BLOCK_CAPTURE_AUTORELEASING = YES;
				CLANG_WARN_BOOL_CONVERSION = YES;
				CLANG_WARN_COMMA = YES;
				CLANG_WARN_CONSTANT_CONVERSION = YES;
				CLANG_WARN_DIRECT_OBJC_ISA_USAGE = YES_ERROR;
				CLANG_WARN_DOCUMENTATION_COMMENTS = YES;
				CLANG_WARN_EMPTY_BODY = YES;
				CLANG_WARN_ENUM_CONVERSION = YES;
				CLANG_WARN_INFINITE_RECURSION = YES;
				CLANG_WARN_INT_CONVERSION = YES;
				CLANG_WARN_NON_LITERAL_NULL_CONVERSION = YES;
				CLANG_WARN_OBJC_LITERAL_CONVERSION = YES;
				CLANG_WARN_OBJC_ROOT_CLASS = YES_ERROR;
				CLANG_WARN_RANGE_LOOP_ANALYSIS = YES;
				CLANG_WARN_STRICT_PROTOTYPES = YES;
				CLANG_WARN_SUSPICIOUS_MOVE = YES;
				CLANG_WARN_UNGUARDED_AVAILABILITY = YES_AGGRESSIVE;
				CLANG_WARN_UNREACHABLE_CODE = YES;
				CLANG_WARN__DUPLICATE_METHOD_MATCH = YES;
				CODE_SIGN_IDENTITY = "iPhone Developer";
				COPY_PHASE_STRIP = NO;
				DEBUG_INFORMATION_FORMAT = dwarf;
				ENABLE_STRICT_OBJC_MSGSEND = YES;
				ENABLE_TESTABILITY = YES;
				GCC_C_LANGUAGE_STANDARD = gnu11;
				GCC_DYNAMIC_NO_PIC = NO;
				GCC_NO_COMMON_BLOCKS = YES;
				GCC_OPTIMIZATION_LEVEL = 0;
				GCC_PREPROCESSOR_DEFINITIONS = (
					"DEBUG=1",
					"$(inherited)",
				);
				GCC_WARN_64_TO_32_BIT_CONVERSION = YES;
				GCC_WARN_ABOUT_RETURN_TYPE = YES_ERROR;
				GCC_WARN_UNDECLARED_SELECTOR = YES;
				GCC_WARN_UNINITIALIZED_AUTOS = YES_AGGRESSIVE;
				GCC_WARN_UNUSED_FUNCTION = YES;
				GCC_WARN_UNUSED_VARIABLE = YES;
				IPHONEOS_DEPLOYMENT_TARGET = 11.2;
				MTL_ENABLE_DEBUG_INFO = YES;
				ONLY_ACTIVE_ARCH = YES;
				SDKROOT = iphoneos;
			};
			name = Debug;
		};
		887776FB20BE38FD004F7E87 /* Release */ = {
			isa = XCBuildConfiguration;
			buildSettings = {
				ALWAYS_SEARCH_USER_PATHS = NO;
				CLANG_ANALYZER_NONNULL = YES;
				CLANG_ANALYZER_NUMBER_OBJECT_CONVERSION = YES_AGGRESSIVE;
				CLANG_CXX_LANGUAGE_STANDARD = "gnu++14";
				CLANG_CXX_LIBRARY = "libc++";
				CLANG_ENABLE_MODULES = YES;
				CLANG_ENABLE_OBJC_ARC = YES;
				CLANG_WARN_BLOCK_CAPTURE_AUTORELEASING = YES;
				CLANG_WARN_BOOL_CONVERSION = YES;
				CLANG_WARN_COMMA = YES;
				CLANG_WARN_CONSTANT_CONVERSION = YES;
				CLANG_WARN_DIRECT_OBJC_ISA_USAGE = YES_ERROR;
				CLANG_WARN_DOCUMENTATION_COMMENTS = YES;
				CLANG_WARN_EMPTY_BODY = YES;
				CLANG_WARN_ENUM_CONVERSION = YES;
				CLANG_WARN_INFINITE_RECURSION = YES;
				CLANG_WARN_INT_CONVERSION = YES;
				CLANG_WARN_NON_LITERAL_NULL_CONVERSION = YES;
				CLANG_WARN_OBJC_LITERAL_CONVERSION = YES;
				CLANG_WARN_OBJC_ROOT_CLASS = YES_ERROR;
				CLANG_WARN_RANGE_LOOP_ANALYSIS = YES;
				CLANG_WARN_STRICT_PROTOTYPES = YES;
				CLANG_WARN_SUSPICIOUS_MOVE = YES;
				CLANG_WARN_UNGUARDED_AVAILABILITY = YES_AGGRESSIVE;
				CLANG_WARN_UNREACHABLE_CODE = YES;
				CLANG_WARN__DUPLICATE_METHOD_MATCH = YES;
				CODE_SIGN_IDENTITY = "iPhone Developer";
				COPY_PHASE_STRIP = NO;
				DEBUG_INFORMATION_FORMAT = "dwarf-with-dsym";
				ENABLE_NS_ASSERTIONS = NO;
				ENABLE_STRICT_OBJC_MSGSEND = YES;
				GCC_C_LANGUAGE_STANDARD = gnu11;
				GCC_NO_COMMON_BLOCKS = YES;
				GCC_WARN_64_TO_32_BIT_CONVERSION = YES;
				GCC_WARN_ABOUT_RETURN_TYPE = YES_ERROR;
				GCC_WARN_UNDECLARED_SELECTOR = YES;
				GCC_WARN_UNINITIALIZED_AUTOS = YES_AGGRESSIVE;
				GCC_WARN_UNUSED_FUNCTION = YES;
				GCC_WARN_UNUSED_VARIABLE = YES;
				IPHONEOS_DEPLOYMENT_TARGET = 11.2;
				MTL_ENABLE_DEBUG_INFO = NO;
				SDKROOT = iphoneos;
				VALIDATE_PRODUCT = YES;
			};
			name = Release;
		};
		887776FD20BE38FD004F7E87 /* Debug */ = {
			isa = XCBuildConfiguration;
			buildSettings = {
				ASSETCATALOG_COMPILER_APPICON_NAME = AppIcon;
				CODE_SIGN_STYLE = Automatic;
				DEVELOPMENT_TEAM = HYZE4HN4M4;
				INFOPLIST_FILE = Runtime_2/Info.plist;
				LD_RUNPATH_SEARCH_PATHS = "$(inherited) @executable_path/Frameworks";
				PRODUCT_BUNDLE_IDENTIFIER = "com.helloted.Runtime-2";
				PRODUCT_NAME = "$(TARGET_NAME)";
				TARGETED_DEVICE_FAMILY = "1,2";
			};
			name = Debug;
		};
		887776FE20BE38FD004F7E87 /* Release */ = {
			isa = XCBuildConfiguration;
			buildSettings = {
				ASSETCATALOG_COMPILER_APPICON_NAME = AppIcon;
				CODE_SIGN_STYLE = Automatic;
				DEVELOPMENT_TEAM = HYZE4HN4M4;
				INFOPLIST_FILE = Runtime_2/Info.plist;
				LD_RUNPATH_SEARCH_PATHS = "$(inherited) @executable_path/Frameworks";
				PRODUCT_BUNDLE_IDENTIFIER = "com.helloted.Runtime-2";
				PRODUCT_NAME = "$(TARGET_NAME)";
				TARGETED_DEVICE_FAMILY = "1,2";
			};
			name = Release;
		};
/* End XCBuildConfiguration section */

/* Begin XCConfigurationList section */
		887776E120BE38FD004F7E87 /* Build configuration list for PBXProject "Runtime_2" */ = {
			isa = XCConfigurationList;
			buildConfigurations = (
				887776FA20BE38FD004F7E87 /* Debug */,
				887776FB20BE38FD004F7E87 /* Release */,
			);
			defaultConfigurationIsVisible = 0;
			defaultConfigurationName = Release;
		};
		887776FC20BE38FD004F7E87 /* Build configuration list for PBXNativeTarget "Runtime_2" */ = {
			isa = XCConfigurationList;
			buildConfigurations = (
				887776FD20BE38FD004F7E87 /* Debug */,
				887776FE20BE38FD004F7E87 /* Release */,
			);
			defaultConfigurationIsVisible = 0;
			defaultConfigurationName = Release;
		};
/* End XCConfigurationList section */
	};
	rootObject = 887776DE20BE38FD004F7E87 /* Project object */;
}
