// !$*UTF8*$!
{
	archiveVersion = 1;
	classes = {
	};
	objectVersion = 48;
	objects = {

/* Begin PBXBuildFile section */
		0445F9AF20676962003993A3 /* Shadowsocks.swift in Sources */ = {isa = PBXBuildFile; fileRef = 0445F9AE20676962003993A3 /* Shadowsocks.swift */; };
		044E345220AF46CF005B0CB5 /* Alamofire.framework in Frameworks */ = {isa = PBXBuildFile; fileRef = 044E345120AF46CF005B0CB5 /* Alamofire.framework */; };
		0485CBE72073838C003F596A /* InfoPlist.strings in Resources */ = {isa = PBXBuildFile; fileRef = 0485CBE52073838C003F596A /* InfoPlist.strings */; };
		0485CBEB207383E6003F596A /* Localizable.strings in Resources */ = {isa = PBXBuildFile; fileRef = 0485CBE9207383E6003F596A /* Localizable.strings */; };
		0495EA552073D49000320501 /* Eureka.framework in Frameworks */ = {isa = PBXBuildFile; fileRef = 0495EA542073D49000320501 /* Eureka.framework */; settings = {ATTRIBUTES = (Required, ); }; };
		0495EA572073D49C00320501 /* KeychainAccess.framework in Frameworks */ = {isa = PBXBuildFile; fileRef = 0495EA562073D49B00320501 /* KeychainAccess.framework */; };
		0495EA5A2073D77500320501 /* NEKit.framework in Frameworks */ = {isa = PBXBuildFile; fileRef = 0495EA592073D77500320501 /* NEKit.framework */; };
		04B96FE920AFDA9900D9E1F2 /* Alamofire.framework in Frameworks */ = {isa = PBXBuildFile; fileRef = 044E345120AF46CF005B0CB5 /* Alamofire.framework */; };
		04D1D0BE2065513200F5C4B9 /* NetworkExtension.framework in Frameworks */ = {isa = PBXBuildFile; fileRef = 04D1D0BD2065513200F5C4B9 /* NetworkExtension.framework */; };
		04D1D0BF2065513D00F5C4B9 /* NetworkExtension.framework in Frameworks */ = {isa = PBXBuildFile; fileRef = 04D1D0BD2065513200F5C4B9 /* NetworkExtension.framework */; };
		04EA46092064C9B7002578AF /* AppDelegate.swift in Sources */ = {isa = PBXBuildFile; fileRef = 04EA46082064C9B7002578AF /* AppDelegate.swift */; };
		04EA460B2064C9B7002578AF /* ViewController.swift in Sources */ = {isa = PBXBuildFile; fileRef = 04EA460A2064C9B7002578AF /* ViewController.swift */; };
		04EA46102064C9B7002578AF /* Assets.xcassets in Resources */ = {isa = PBXBuildFile; fileRef = 04EA460F2064C9B7002578AF /* Assets.xcassets */; };
		04EA46132064C9B7002578AF /* LaunchScreen.storyboard in Resources */ = {isa = PBXBuildFile; fileRef = 04EA46112064C9B7002578AF /* LaunchScreen.storyboard */; };
		04EA46362064D10E002578AF /* PacketTunnelProvider.swift in Sources */ = {isa = PBXBuildFile; fileRef = 04EA46352064D10E002578AF /* PacketTunnelProvider.swift */; };
		04EA463B2064D10E002578AF /* PacketTunnel.appex in Embed App Extensions */ = {isa = PBXBuildFile; fileRef = 04EA46332064D10E002578AF /* PacketTunnel.appex */; settings = {ATTRIBUTES = (RemoveHeadersOnCopy, ); }; };
/* End PBXBuildFile section */

/* Begin PBXContainerItemProxy section */
		04EA46392064D10E002578AF /* PBXContainerItemProxy */ = {
			isa = PBXContainerItemProxy;
			containerPortal = 04EA45FD2064C9B7002578AF /* Project object */;
			proxyType = 1;
			remoteGlobalIDString = 04EA46322064D10E002578AF;
			remoteInfo = PacketTunnel;
		};
/* End PBXContainerItemProxy section */

/* Begin PBXCopyFilesBuildPhase section */
		04EA462A2064CC41002578AF /* Embed App Extensions */ = {
			isa = PBXCopyFilesBuildPhase;
			buildActionMask = 2147483647;
			dstPath = "";
			dstSubfolderSpec = 13;
			files = (
				04EA463B2064D10E002578AF /* PacketTunnel.appex in Embed App Extensions */,
			);
			name = "Embed App Extensions";
			runOnlyForDeploymentPostprocessing = 0;
		};
/* End PBXCopyFilesBuildPhase section */

/* Begin PBXFileReference section */
		0445F9AE20676962003993A3 /* Shadowsocks.swift */ = {isa = PBXFileReference; lastKnownFileType = sourcecode.swift; path = Shadowsocks.swift; sourceTree = "<group>"; };
		044E345120AF46CF005B0CB5 /* Alamofire.framework */ = {isa = PBXFileReference; lastKnownFileType = wrapper.framework; name = Alamofire.framework; path = Carthage/Build/iOS/Alamofire.framework; sourceTree = "<group>"; };
		0485CBE62073838C003F596A /* Base */ = {isa = PBXFileReference; lastKnownFileType = text.plist.strings; name = Base; path = Base.lproj/InfoPlist.strings; sourceTree = "<group>"; };
		0485CBE8207383B6003F596A /* zh-Hans */ = {isa = PBXFileReference; lastKnownFileType = text.plist.strings; name = "zh-Hans"; path = "zh-Hans.lproj/InfoPlist.strings"; sourceTree = "<group>"; };
		0485CBEA207383E6003F596A /* Base */ = {isa = PBXFileReference; lastKnownFileType = text.plist.strings; name = Base; path = Base.lproj/Localizable.strings; sourceTree = "<group>"; };
		0485CBEC20738401003F596A /* zh-Hans */ = {isa = PBXFileReference; lastKnownFileType = text.plist.strings; name = "zh-Hans"; path = "zh-Hans.lproj/Localizable.strings"; sourceTree = "<group>"; };
		0495EA542073D49000320501 /* Eureka.framework */ = {isa = PBXFileReference; lastKnownFileType = wrapper.framework; name = Eureka.framework; path = Carthage/Build/iOS/Eureka.framework; sourceTree = "<group>"; };
		0495EA562073D49B00320501 /* KeychainAccess.framework */ = {isa = PBXFileReference; lastKnownFileType = wrapper.framework; name = KeychainAccess.framework; path = Carthage/Build/iOS/KeychainAccess.framework; sourceTree = "<group>"; };
		0495EA592073D77500320501 /* NEKit.framework */ = {isa = PBXFileReference; lastKnownFileType = wrapper.framework; name = NEKit.framework; path = Carthage/Build/iOS/NEKit.framework; sourceTree = "<group>"; };
		04D1D0BD2065513200F5C4B9 /* NetworkExtension.framework */ = {isa = PBXFileReference; lastKnownFileType = wrapper.framework; name = NetworkExtension.framework; path = System/Library/Frameworks/NetworkExtension.framework; sourceTree = SDKROOT; };
		04EA46052064C9B7002578AF /* Ladder.app */ = {isa = PBXFileReference; explicitFileType = wrapper.application; includeInIndex = 0; path = Ladder.app; sourceTree = BUILT_PRODUCTS_DIR; };
		04EA46082064C9B7002578AF /* AppDelegate.swift */ = {isa = PBXFileReference; lastKnownFileType = sourcecode.swift; path = AppDelegate.swift; sourceTree = "<group>"; };
		04EA460A2064C9B7002578AF /* ViewController.swift */ = {isa = PBXFileReference; lastKnownFileType = sourcecode.swift; path = ViewController.swift; sourceTree = "<group>"; };
		04EA460F2064C9B7002578AF /* Assets.xcassets */ = {isa = PBXFileReference; lastKnownFileType = folder.assetcatalog; path = Assets.xcassets; sourceTree = "<group>"; };
		04EA46122064C9B7002578AF /* Base */ = {isa = PBXFileReference; lastKnownFileType = file.storyboard; name = Base; path = Base.lproj/LaunchScreen.storyboard; sourceTree = "<group>"; };
		04EA46142064C9B7002578AF /* Info.plist */ = {isa = PBXFileReference; lastKnownFileType = text.plist.xml; path = Info.plist; sourceTree = "<group>"; };
		04EA462B2064CFA9002578AF /* Ladder.entitlements */ = {isa = PBXFileReference; lastKnownFileType = text.plist.entitlements; path = Ladder.entitlements; sourceTree = "<group>"; };
		04EA46332064D10E002578AF /* PacketTunnel.appex */ = {isa = PBXFileReference; explicitFileType = "wrapper.app-extension"; includeInIndex = 0; path = PacketTunnel.appex; sourceTree = BUILT_PRODUCTS_DIR; };
		04EA46352064D10E002578AF /* PacketTunnelProvider.swift */ = {isa = PBXFileReference; lastKnownFileType = sourcecode.swift; path = PacketTunnelProvider.swift; sourceTree = "<group>"; };
		04EA46372064D10E002578AF /* Info.plist */ = {isa = PBXFileReference; lastKnownFileType = text.plist.xml; path = Info.plist; sourceTree = "<group>"; };
		04EA46382064D10E002578AF /* PacketTunnel.entitlements */ = {isa = PBXFileReference; lastKnownFileType = text.plist.entitlements; path = PacketTunnel.entitlements; sourceTree = "<group>"; };
		04F368CB2074C31A00CA8B34 /* zh-Hans */ = {isa = PBXFileReference; lastKnownFileType = file.storyboard; name = "zh-Hans"; path = "zh-Hans.lproj/LaunchScreen.storyboard"; sourceTree = "<group>"; };
/* End PBXFileReference section */

/* Begin PBXFrameworksBuildPhase section */
		04EA46022064C9B7002578AF /* Frameworks */ = {
			isa = PBXFrameworksBuildPhase;
			buildActionMask = 2147483647;
			files = (
				044E345220AF46CF005B0CB5 /* Alamofire.framework in Frameworks */,
				0495EA552073D49000320501 /* Eureka.framework in Frameworks */,
				0495EA572073D49C00320501 /* KeychainAccess.framework in Frameworks */,
				04D1D0BE2065513200F5C4B9 /* NetworkExtension.framework in Frameworks */,
			);
			runOnlyForDeploymentPostprocessing = 0;
		};
		04EA46302064D10E002578AF /* Frameworks */ = {
			isa = PBXFrameworksBuildPhase;
			buildActionMask = 2147483647;
			files = (
				04B96FE920AFDA9900D9E1F2 /* Alamofire.framework in Frameworks */,
				0495EA5A2073D77500320501 /* NEKit.framework in Frameworks */,
				04D1D0BF2065513D00F5C4B9 /* NetworkExtension.framework in Frameworks */,
			);
			runOnlyForDeploymentPostprocessing = 0;
		};
/* End PBXFrameworksBuildPhase section */

/* Begin PBXGroup section */
		04EA45FC2064C9B7002578AF = {
			isa = PBXGroup;
			children = (
				04EA46072064C9B7002578AF /* Ladder */,
				04EA46342064D10E002578AF /* PacketTunnel */,
				04EA462C2064CFE2002578AF /* Frameworks */,
				04EA46062064C9B7002578AF /* Products */,
			);
			sourceTree = "<group>";
		};
		04EA46062064C9B7002578AF /* Products */ = {
			isa = PBXGroup;
			children = (
				04EA46052064C9B7002578AF /* Ladder.app */,
				04EA46332064D10E002578AF /* PacketTunnel.appex */,
			);
			name = Products;
			sourceTree = "<group>";
		};
		04EA46072064C9B7002578AF /* Ladder */ = {
			isa = PBXGroup;
			children = (
				04EA46082064C9B7002578AF /* AppDelegate.swift */,
				04EA460A2064C9B7002578AF /* ViewController.swift */,
				04EA46142064C9B7002578AF /* Info.plist */,
				04EA462B2064CFA9002578AF /* Ladder.entitlements */,
				0485CBE52073838C003F596A /* InfoPlist.strings */,
				0485CBE9207383E6003F596A /* Localizable.strings */,
				04EA460F2064C9B7002578AF /* Assets.xcassets */,
				04EA46112064C9B7002578AF /* LaunchScreen.storyboard */,
			);
			path = Ladder;
			sourceTree = "<group>";
		};
		04EA462C2064CFE2002578AF /* Frameworks */ = {
			isa = PBXGroup;
			children = (
				044E345120AF46CF005B0CB5 /* Alamofire.framework */,
				0495EA542073D49000320501 /* Eureka.framework */,
				0495EA562073D49B00320501 /* KeychainAccess.framework */,
				0495EA592073D77500320501 /* NEKit.framework */,
				04D1D0BD2065513200F5C4B9 /* NetworkExtension.framework */,
			);
			name = Frameworks;
			sourceTree = "<group>";
		};
		04EA46342064D10E002578AF /* PacketTunnel */ = {
			isa = PBXGroup;
			children = (
				04EA46352064D10E002578AF /* PacketTunnelProvider.swift */,
				0445F9AE20676962003993A3 /* Shadowsocks.swift */,
				04EA46372064D10E002578AF /* Info.plist */,
				04EA46382064D10E002578AF /* PacketTunnel.entitlements */,
			);
			path = PacketTunnel;
			sourceTree = "<group>";
		};
/* End PBXGroup section */

/* Begin PBXNativeTarget section */
		04EA46042064C9B7002578AF /* Ladder */ = {
			isa = PBXNativeTarget;
			buildConfigurationList = 04EA46172064C9B7002578AF /* Build configuration list for PBXNativeTarget "Ladder" */;
			buildPhases = (
				04EA46012064C9B7002578AF /* Sources */,
				04EA46022064C9B7002578AF /* Frameworks */,
				04EA46032064C9B7002578AF /* Resources */,
				04EA462A2064CC41002578AF /* Embed App Extensions */,
				0495EA582073D4C300320501 /* Run Script */,
			);
			buildRules = (
			);
			dependencies = (
				04EA463A2064D10E002578AF /* PBXTargetDependency */,
			);
			name = Ladder;
			productName = Ladder;
			productReference = 04EA46052064C9B7002578AF /* Ladder.app */;
			productType = "com.apple.product-type.application";
		};
		04EA46322064D10E002578AF /* PacketTunnel */ = {
			isa = PBXNativeTarget;
			buildConfigurationList = 04EA463C2064D10E002578AF /* Build configuration list for PBXNativeTarget "PacketTunnel" */;
			buildPhases = (
				04EA462F2064D10E002578AF /* Sources */,
				04EA46302064D10E002578AF /* Frameworks */,
				04EA46312064D10E002578AF /* Resources */,
			);
			buildRules = (
			);
			dependencies = (
			);
			name = PacketTunnel;
			productName = PacketTunnel;
			productReference = 04EA46332064D10E002578AF /* PacketTunnel.appex */;
			productType = "com.apple.product-type.app-extension";
		};
/* End PBXNativeTarget section */

/* Begin PBXProject section */
		04EA45FD2064C9B7002578AF /* Project object */ = {
			isa = PBXProject;
			attributes = {
				LastSwiftUpdateCheck = 0920;
				LastUpgradeCheck = 0930;
				ORGANIZATIONNAME = "Aofei Sheng";
				TargetAttributes = {
					04EA46042064C9B7002578AF = {
						CreatedOnToolsVersion = 9.2;
						ProvisioningStyle = Manual;
						SystemCapabilities = {
							com.apple.ApplicationGroups.iOS = {
								enabled = 0;
							};
							com.apple.NetworkExtensions.iOS = {
								enabled = 1;
							};
							com.apple.VPNLite = {
								enabled = 0;
							};
						};
					};
					04EA46322064D10E002578AF = {
						CreatedOnToolsVersion = 9.2;
						LastSwiftMigration = 0930;
						ProvisioningStyle = Manual;
						SystemCapabilities = {
							com.apple.ApplicationGroups.iOS = {
								enabled = 0;
							};
							com.apple.NetworkExtensions.iOS = {
								enabled = 1;
							};
							com.apple.VPNLite = {
								enabled = 0;
							};
						};
					};
				};
			};
			buildConfigurationList = 04EA46002064C9B7002578AF /* Build configuration list for PBXProject "Ladder" */;
			compatibilityVersion = "Xcode 8.0";
			developmentRegion = en;
			hasScannedForEncodings = 0;
			knownRegions = (
				en,
				Base,
				"zh-Hans",
			);
			mainGroup = 04EA45FC2064C9B7002578AF;
			productRefGroup = 04EA46062064C9B7002578AF /* Products */;
			projectDirPath = "";
			projectRoot = "";
			targets = (
				04EA46042064C9B7002578AF /* Ladder */,
				04EA46322064D10E002578AF /* PacketTunnel */,
			);
		};
/* End PBXProject section */

/* Begin PBXResourcesBuildPhase section */
		04EA46032064C9B7002578AF /* Resources */ = {
			isa = PBXResourcesBuildPhase;
			buildActionMask = 2147483647;
			files = (
				04EA46102064C9B7002578AF /* Assets.xcassets in Resources */,
				0485CBEB207383E6003F596A /* Localizable.strings in Resources */,
				0485CBE72073838C003F596A /* InfoPlist.strings in Resources */,
				04EA46132064C9B7002578AF /* LaunchScreen.storyboard in Resources */,
			);
			runOnlyForDeploymentPostprocessing = 0;
		};
		04EA46312064D10E002578AF /* Resources */ = {
			isa = PBXResourcesBuildPhase;
			buildActionMask = 2147483647;
			files = (
			);
			runOnlyForDeploymentPostprocessing = 0;
		};
/* End PBXResourcesBuildPhase section */

/* Begin PBXShellScriptBuildPhase section */
		0495EA582073D4C300320501 /* Run Script */ = {
			isa = PBXShellScriptBuildPhase;
			buildActionMask = 2147483647;
			files = (
			);
			inputPaths = (
				"$(SRCROOT)/Carthage/Build/iOS/Alamofire.framework",
				"$(SRCROOT)/Carthage/Build/iOS/Eureka.framework",
				"$(SRCROOT)/Carthage/Build/iOS/KeychainAccess.framework",
				"$(SRCROOT)/Carthage/Build/iOS/CocoaAsyncSocket.framework",
				"$(SRCROOT)/Carthage/Build/iOS/CocoaLumberjack.framework",
				"$(SRCROOT)/Carthage/Build/iOS/CocoaLumberjackSwift.framework",
				"$(SRCROOT)/Carthage/Build/iOS/lwip.framework",
				"$(SRCROOT)/Carthage/Build/iOS/MMDB.framework",
				"$(SRCROOT)/Carthage/Build/iOS/Sodium.framework",
				"$(SRCROOT)/Carthage/Build/iOS/tun2socks.framework",
				"$(SRCROOT)/Carthage/Build/iOS/Yaml.framework",
				"$(SRCROOT)/Carthage/Build/iOS/Resolver.framework",
				"$(SRCROOT)/Carthage/Build/iOS/NEKit.framework",
			);
			name = "Run Script";
			outputPaths = (
			);
			runOnlyForDeploymentPostprocessing = 0;
			shellPath = /bin/sh;
			shellScript = "/usr/local/bin/carthage copy-frameworks";
		};
/* End PBXShellScriptBuildPhase section */

/* Begin PBXSourcesBuildPhase section */
		04EA46012064C9B7002578AF /* Sources */ = {
			isa = PBXSourcesBuildPhase;
			buildActionMask = 2147483647;
			files = (
				04EA460B2064C9B7002578AF /* ViewController.swift in Sources */,
				04EA46092064C9B7002578AF /* AppDelegate.swift in Sources */,
			);
			runOnlyForDeploymentPostprocessing = 0;
		};
		04EA462F2064D10E002578AF /* Sources */ = {
			isa = PBXSourcesBuildPhase;
			buildActionMask = 2147483647;
			files = (
				04EA46362064D10E002578AF /* PacketTunnelProvider.swift in Sources */,
				0445F9AF20676962003993A3 /* Shadowsocks.swift in Sources */,
			);
			runOnlyForDeploymentPostprocessing = 0;
		};
/* End PBXSourcesBuildPhase section */

/* Begin PBXTargetDependency section */
		04EA463A2064D10E002578AF /* PBXTargetDependency */ = {
			isa = PBXTargetDependency;
			target = 04EA46322064D10E002578AF /* PacketTunnel */;
			targetProxy = 04EA46392064D10E002578AF /* PBXContainerItemProxy */;
		};
/* End PBXTargetDependency section */

/* Begin PBXVariantGroup section */
		0485CBE52073838C003F596A /* InfoPlist.strings */ = {
			isa = PBXVariantGroup;
			children = (
				0485CBE62073838C003F596A /* Base */,
				0485CBE8207383B6003F596A /* zh-Hans */,
			);
			name = InfoPlist.strings;
			sourceTree = "<group>";
		};
		0485CBE9207383E6003F596A /* Localizable.strings */ = {
			isa = PBXVariantGroup;
			children = (
				0485CBEA207383E6003F596A /* Base */,
				0485CBEC20738401003F596A /* zh-Hans */,
			);
			name = Localizable.strings;
			sourceTree = "<group>";
		};
		04EA46112064C9B7002578AF /* LaunchScreen.storyboard */ = {
			isa = PBXVariantGroup;
			children = (
				04EA46122064C9B7002578AF /* Base */,
				04F368CB2074C31A00CA8B34 /* zh-Hans */,
			);
			name = LaunchScreen.storyboard;
			sourceTree = "<group>";
		};
/* End PBXVariantGroup section */

/* Begin XCBuildConfiguration section */
		04EA46152064C9B7002578AF /* Debug */ = {
			isa = XCBuildConfiguration;
			buildSettings = {
				ALWAYS_SEARCH_USER_PATHS = NO;
				CLANG_ANALYZER_LOCALIZABILITY_NONLOCALIZED = YES;
				CLANG_ANALYZER_NONNULL = YES;
				CLANG_ANALYZER_NUMBER_OBJECT_CONVERSION = YES_AGGRESSIVE;
				CLANG_CXX_LANGUAGE_STANDARD = "gnu++14";
				CLANG_CXX_LIBRARY = "libc++";
				CLANG_ENABLE_MODULES = YES;
				CLANG_ENABLE_OBJC_ARC = YES;
				CLANG_WARN_BLOCK_CAPTURE_AUTORELEASING = YES;
				CLANG_WARN_BOOL_CONVERSION = YES;
				CLANG_WARN_COMMA = YES;
				CLANG_WARN_CONSTANT_CONVERSION = YES;
				CLANG_WARN_DEPRECATED_OBJC_IMPLEMENTATIONS = YES;
				CLANG_WARN_DIRECT_OBJC_ISA_USAGE = YES_ERROR;
				CLANG_WARN_DOCUMENTATION_COMMENTS = YES;
				CLANG_WARN_EMPTY_BODY = YES;
				CLANG_WARN_ENUM_CONVERSION = YES;
				CLANG_WARN_INFINITE_RECURSION = YES;
				CLANG_WARN_INT_CONVERSION = YES;
				CLANG_WARN_NON_LITERAL_NULL_CONVERSION = YES;
				CLANG_WARN_OBJC_IMPLICIT_RETAIN_SELF = YES;
				CLANG_WARN_OBJC_LITERAL_CONVERSION = YES;
				CLANG_WARN_OBJC_ROOT_CLASS = YES_ERROR;
				CLANG_WARN_RANGE_LOOP_ANALYSIS = YES;
				CLANG_WARN_STRICT_PROTOTYPES = YES;
				CLANG_WARN_SUSPICIOUS_MOVE = YES;
				CLANG_WARN_UNGUARDED_AVAILABILITY = YES_AGGRESSIVE;
				CLANG_WARN_UNREACHABLE_CODE = YES;
				CLANG_WARN__DUPLICATE_METHOD_MATCH = YES;
				CODE_SIGN_IDENTITY = "iPhone Developer";
				COPY_PHASE_STRIP = NO;
				DEBUG_INFORMATION_FORMAT = dwarf;
				ENABLE_STRICT_OBJC_MSGSEND = YES;
				ENABLE_TESTABILITY = YES;
				GCC_C_LANGUAGE_STANDARD = gnu11;
				GCC_DYNAMIC_NO_PIC = NO;
				GCC_NO_COMMON_BLOCKS = YES;
				GCC_OPTIMIZATION_LEVEL = 0;
				GCC_PREPROCESSOR_DEFINITIONS = (
					"DEBUG=1",
					"$(inherited)",
				);
				GCC_WARN_64_TO_32_BIT_CONVERSION = YES;
				GCC_WARN_ABOUT_RETURN_TYPE = YES_ERROR;
				GCC_WARN_UNDECLARED_SELECTOR = YES;
				GCC_WARN_UNINITIALIZED_AUTOS = YES_AGGRESSIVE;
				GCC_WARN_UNUSED_FUNCTION = YES;
				GCC_WARN_UNUSED_VARIABLE = YES;
				IPHONEOS_DEPLOYMENT_TARGET = 9.3;
				MTL_ENABLE_DEBUG_INFO = YES;
				ONLY_ACTIVE_ARCH = YES;
				SDKROOT = iphoneos;
				SWIFT_ACTIVE_COMPILATION_CONDITIONS = DEBUG;
				SWIFT_OPTIMIZATION_LEVEL = "-Onone";
			};
			name = Debug;
		};
		04EA46162064C9B7002578AF /* Release */ = {
			isa = XCBuildConfiguration;
			buildSettings = {
				ALWAYS_SEARCH_USER_PATHS = NO;
				CLANG_ANALYZER_LOCALIZABILITY_NONLOCALIZED = YES;
				CLANG_ANALYZER_NONNULL = YES;
				CLANG_ANALYZER_NUMBER_OBJECT_CONVERSION = YES_AGGRESSIVE;
				CLANG_CXX_LANGUAGE_STANDARD = "gnu++14";
				CLANG_CXX_LIBRARY = "libc++";
				CLANG_ENABLE_MODULES = YES;
				CLANG_ENABLE_OBJC_ARC = YES;
				CLANG_WARN_BLOCK_CAPTURE_AUTORELEASING = YES;
				CLANG_WARN_BOOL_CONVERSION = YES;
				CLANG_WARN_COMMA = YES;
				CLANG_WARN_CONSTANT_CONVERSION = YES;
				CLANG_WARN_DEPRECATED_OBJC_IMPLEMENTATIONS = YES;
				CLANG_WARN_DIRECT_OBJC_ISA_USAGE = YES_ERROR;
				CLANG_WARN_DOCUMENTATION_COMMENTS = YES;
				CLANG_WARN_EMPTY_BODY = YES;
				CLANG_WARN_ENUM_CONVERSION = YES;
				CLANG_WARN_INFINITE_RECURSION = YES;
				CLANG_WARN_INT_CONVERSION = YES;
				CLANG_WARN_NON_LITERAL_NULL_CONVERSION = YES;
				CLANG_WARN_OBJC_IMPLICIT_RETAIN_SELF = YES;
				CLANG_WARN_OBJC_LITERAL_CONVERSION = YES;
				CLANG_WARN_OBJC_ROOT_CLASS = YES_ERROR;
				CLANG_WARN_RANGE_LOOP_ANALYSIS = YES;
				CLANG_WARN_STRICT_PROTOTYPES = YES;
				CLANG_WARN_SUSPICIOUS_MOVE = YES;
				CLANG_WARN_UNGUARDED_AVAILABILITY = YES_AGGRESSIVE;
				CLANG_WARN_UNREACHABLE_CODE = YES;
				CLANG_WARN__DUPLICATE_METHOD_MATCH = YES;
				CODE_SIGN_IDENTITY = "iPhone Developer";
				COPY_PHASE_STRIP = NO;
				DEBUG_INFORMATION_FORMAT = "dwarf-with-dsym";
				ENABLE_NS_ASSERTIONS = NO;
				ENABLE_STRICT_OBJC_MSGSEND = YES;
				GCC_C_LANGUAGE_STANDARD = gnu11;
				GCC_NO_COMMON_BLOCKS = YES;
				GCC_WARN_64_TO_32_BIT_CONVERSION = YES;
				GCC_WARN_ABOUT_RETURN_TYPE = YES_ERROR;
				GCC_WARN_UNDECLARED_SELECTOR = YES;
				GCC_WARN_UNINITIALIZED_AUTOS = YES_AGGRESSIVE;
				GCC_WARN_UNUSED_FUNCTION = YES;
				GCC_WARN_UNUSED_VARIABLE = YES;
				IPHONEOS_DEPLOYMENT_TARGET = 9.3;
				MTL_ENABLE_DEBUG_INFO = NO;
				SDKROOT = iphoneos;
				SWIFT_OPTIMIZATION_LEVEL = "-Owholemodule";
				VALIDATE_PRODUCT = YES;
			};
			name = Release;
		};
		04EA46182064C9B7002578AF /* Debug */ = {
			isa = XCBuildConfiguration;
			buildSettings = {
				ALWAYS_EMBED_SWIFT_STANDARD_LIBRARIES = "$(inherited)";
				ASSETCATALOG_COMPILER_APPICON_NAME = AppIcon;
				CODE_SIGN_ENTITLEMENTS = Ladder/Ladder.entitlements;
				CODE_SIGN_IDENTITY = "iPhone Developer";
				CODE_SIGN_STYLE = Manual;
				DEVELOPMENT_TEAM = "";
				ENABLE_BITCODE = YES;
				FRAMEWORK_SEARCH_PATHS = (
					"$(inherited)",
					"$(PROJECT_DIR)/Carthage/Build/iOS",
				);
				INFOPLIST_FILE = Ladder/Info.plist;
				IPHONEOS_DEPLOYMENT_TARGET = 9.3;
				LD_RUNPATH_SEARCH_PATHS = "$(inherited) @executable_path/Frameworks";
				OTHER_LDFLAGS = "$(inherited)";
				PRODUCT_BUNDLE_IDENTIFIER = com.helloted.ladder;
				PRODUCT_NAME = "$(TARGET_NAME)";
				PROVISIONING_PROFILE = "";
				PROVISIONING_PROFILE_SPECIFIER = "";
				SWIFT_VERSION = 4.0;
				TARGETED_DEVICE_FAMILY = "1,2";
			};
			name = Debug;
		};
		04EA46192064C9B7002578AF /* Release */ = {
			isa = XCBuildConfiguration;
			buildSettings = {
				ALWAYS_EMBED_SWIFT_STANDARD_LIBRARIES = "$(inherited)";
				ASSETCATALOG_COMPILER_APPICON_NAME = AppIcon;
				CODE_SIGN_ENTITLEMENTS = Ladder/Ladder.entitlements;
				CODE_SIGN_IDENTITY = "iPhone Developer";
				CODE_SIGN_STYLE = Manual;
				DEVELOPMENT_TEAM = HYZE4HN4M4;
				ENABLE_BITCODE = YES;
				FRAMEWORK_SEARCH_PATHS = (
					"$(inherited)",
					"$(PROJECT_DIR)/Carthage/Build/iOS",
				);
				INFOPLIST_FILE = Ladder/Info.plist;
				IPHONEOS_DEPLOYMENT_TARGET = 9.3;
				LD_RUNPATH_SEARCH_PATHS = "$(inherited) @executable_path/Frameworks";
				OTHER_LDFLAGS = "$(inherited)";
				PRODUCT_BUNDLE_IDENTIFIER = com.helloted.ladder;
				PRODUCT_NAME = "$(TARGET_NAME)";
				PROVISIONING_PROFILE = "0c7a2eed-d770-4113-81d6-ffb4cbb8a02e";
				PROVISIONING_PROFILE_SPECIFIER = Ladder_dev;
				SWIFT_VERSION = 4.0;
				TARGETED_DEVICE_FAMILY = "1,2";
			};
			name = Release;
		};
		04EA463D2064D10E002578AF /* Debug */ = {
			isa = XCBuildConfiguration;
			buildSettings = {
				ALWAYS_EMBED_SWIFT_STANDARD_LIBRARIES = "$(inherited)";
				APPLICATION_EXTENSION_API_ONLY = YES;
				CLANG_ENABLE_MODULES = YES;
				CODE_SIGN_ENTITLEMENTS = PacketTunnel/PacketTunnel.entitlements;
				CODE_SIGN_IDENTITY = "iPhone Developer";
				"CODE_SIGN_IDENTITY[sdk=iphoneos*]" = "iPhone Developer";
				CODE_SIGN_STYLE = Manual;
				DEVELOPMENT_TEAM = "";
				ENABLE_BITCODE = YES;
				FRAMEWORK_SEARCH_PATHS = (
					"$(inherited)",
					"$(PROJECT_DIR)/Carthage/Build/iOS",
				);
				INFOPLIST_FILE = PacketTunnel/Info.plist;
				IPHONEOS_DEPLOYMENT_TARGET = 9.3;
				LD_RUNPATH_SEARCH_PATHS = "$(inherited) @executable_path/Frameworks @executable_path/../../Frameworks";
				OTHER_LDFLAGS = "$(inherited)";
				PRODUCT_BUNDLE_IDENTIFIER = com.helloted.ladder.extention;
				PRODUCT_NAME = "$(TARGET_NAME)";
				PROVISIONING_PROFILE = "";
				PROVISIONING_PROFILE_SPECIFIER = "";
				SKIP_INSTALL = YES;
				SWIFT_OPTIMIZATION_LEVEL = "-Onone";
				SWIFT_VERSION = 4.0;
				TARGETED_DEVICE_FAMILY = "1,2";
			};
			name = Debug;
		};
		04EA463E2064D10E002578AF /* Release */ = {
			isa = XCBuildConfiguration;
			buildSettings = {
				ALWAYS_EMBED_SWIFT_STANDARD_LIBRARIES = "$(inherited)";
				APPLICATION_EXTENSION_API_ONLY = YES;
				CLANG_ENABLE_MODULES = YES;
				CODE_SIGN_ENTITLEMENTS = PacketTunnel/PacketTunnel.entitlements;
				CODE_SIGN_IDENTITY = "iPhone Developer";
				"CODE_SIGN_IDENTITY[sdk=iphoneos*]" = "iPhone Developer";
				CODE_SIGN_STYLE = Manual;
				DEVELOPMENT_TEAM = HYZE4HN4M4;
				ENABLE_BITCODE = YES;
				FRAMEWORK_SEARCH_PATHS = (
					"$(inherited)",
					"$(PROJECT_DIR)/Carthage/Build/iOS",
				);
				INFOPLIST_FILE = PacketTunnel/Info.plist;
				IPHONEOS_DEPLOYMENT_TARGET = 9.3;
				LD_RUNPATH_SEARCH_PATHS = "$(inherited) @executable_path/Frameworks @executable_path/../../Frameworks";
				OTHER_LDFLAGS = "$(inherited)";
				PRODUCT_BUNDLE_IDENTIFIER = com.helloted.ladder.extention;
				PRODUCT_NAME = "$(TARGET_NAME)";
				PROVISIONING_PROFILE = "7f9af14c-623b-4c72-8044-1c3248f021ef";
				PROVISIONING_PROFILE_SPECIFIER = dev_ladder_extention;
				SKIP_INSTALL = YES;
				SWIFT_VERSION = 4.0;
				TARGETED_DEVICE_FAMILY = "1,2";
			};
			name = Release;
		};
/* End XCBuildConfiguration section */

/* Begin XCConfigurationList section */
		04EA46002064C9B7002578AF /* Build configuration list for PBXProject "Ladder" */ = {
			isa = XCConfigurationList;
			buildConfigurations = (
				04EA46152064C9B7002578AF /* Debug */,
				04EA46162064C9B7002578AF /* Release */,
			);
			defaultConfigurationIsVisible = 0;
			defaultConfigurationName = Release;
		};
		04EA46172064C9B7002578AF /* Build configuration list for PBXNativeTarget "Ladder" */ = {
			isa = XCConfigurationList;
			buildConfigurations = (
				04EA46182064C9B7002578AF /* Debug */,
				04EA46192064C9B7002578AF /* Release */,
			);
			defaultConfigurationIsVisible = 0;
			defaultConfigurationName = Release;
		};
		04EA463C2064D10E002578AF /* Build configuration list for PBXNativeTarget "PacketTunnel" */ = {
			isa = XCConfigurationList;
			buildConfigurations = (
				04EA463D2064D10E002578AF /* Debug */,
				04EA463E2064D10E002578AF /* Release */,
			);
			defaultConfigurationIsVisible = 0;
			defaultConfigurationName = Release;
		};
/* End XCConfigurationList section */
	};
	rootObject = 04EA45FD2064C9B7002578AF /* Project object */;
}
